
Microsoft Visual Studio Solution File, Format Version 11.00
# Visual Studio 2010
Project("{FAE04EC0-301F-11D3-BF4B-00C04F79EFBC}") = "Addition task", "Addition task\Addition task.csproj", "{82DEA1D9-8E55-474F-B67E-79347CD4E12D}"
EndProject
Project("{FAE04EC0-301F-11D3-BF4B-00C04F79EFBC}") = "Task 1", "Task 1\Task 1.csproj", "{1B2C430B-348E-408A-A9FD-AC632A560CBE}"
EndProject
Project("{FAE04EC0-301F-11D3-BF4B-00C04F79EFBC}") = "Task 2", "Task 2\Task 2.csproj", "{B9E9FFB0-073D-4799-BDB7-F5CFC4B9531C}"
EndProject
Project("{FAE04EC0-301F-11D3-BF4B-00C04F79EFBC}") = "Task 3", "Task 3\Task 3.csproj", "{D7439A16-0FE9-4CC8-AC82-61F249624753}"
EndProject
Global
	GlobalSection(SolutionConfigurationPlatforms) = preSolution
		Debug|x86 = Debug|x86
		Release|x86 = Release|x86
	EndGlobalSection
	GlobalSection(ProjectConfigurationPlatforms) = postSolution
		{82DEA1D9-8E55-474F-B67E-79347CD4E12D}.Debug|x86.ActiveCfg = Debug|x86
		{82DEA1D9-8E55-474F-B67E-79347CD4E12D}.Debug|x86.Build.0 = Debug|x86
		{82DEA1D9-8E55-474F-B67E-79347CD4E12D}.Release|x86.ActiveCfg = Release|x86
		{82DEA1D9-8E55-474F-B67E-79347CD4E12D}.Release|x86.Build.0 = Release|x86
		{1B2C430B-348E-408A-A9FD-AC632A560CBE}.Debug|x86.ActiveCfg = Debug|x86
		{1B2C430B-348E-408A-A9FD-AC632A560CBE}.Debug|x86.Build.0 = Debug|x86
		{1B2C430B-348E-408A-A9FD-AC632A560CBE}.Release|x86.ActiveCfg = Release|x86
		{1B2C430B-348E-408A-A9FD-AC632A560CBE}.Release|x86.Build.0 = Release|x86
		{B9E9FFB0-073D-4799-BDB7-F5CFC4B9531C}.Debug|x86.ActiveCfg = Debug|x86
		{B9E9FFB0-073D-4799-BDB7-F5CFC4B9531C}.Debug|x86.Build.0 = Debug|x86
		{B9E9FFB0-073D-4799-BDB7-F5CFC4B9531C}.Release|x86.ActiveCfg = Release|x86
		{B9E9FFB0-073D-4799-BDB7-F5CFC4B9531C}.Release|x86.Build.0 = Release|x86
		{D7439A16-0FE9-4CC8-AC82-61F249624753}.Debug|x86.ActiveCfg = Debug|x86
		{D7439A16-0FE9-4CC8-AC82-61F249624753}.Debug|x86.Build.0 = Debug|x86
		{D7439A16-0FE9-4CC8-AC82-61F249624753}.Release|x86.ActiveCfg = Release|x86
		{D7439A16-0FE9-4CC8-AC82-61F249624753}.Release|x86.Build.0 = Release|x86
	EndGlobalSection
	GlobalSection(SolutionProperties) = preSolution
		HideSolutionNode = FALSE
	EndGlobalSection
EndGlobal
