
Microsoft Visual Studio Solution File, Format Version 12.00
# Visual Studio 15
VisualStudioVersion = 15.0.27004.2002
MinimumVisualStudioVersion = 10.0.40219.1
Project("{FAE04EC0-301F-11D3-BF4B-00C04F79EFBC}") = "001_GoTo", "Loop\001_GoTo.csproj", "{4ADC381A-E685-47D4-BFB3-390EC9FFA576}"
EndProject
Project("{FAE04EC0-301F-11D3-BF4B-00C04F79EFBC}") = "002_GoTo", "Loop2\002_GoTo.csproj", "{30BEF0F8-F54D-40A6-BEEA-F64FA1286F32}"
EndProject
Project("{FAE04EC0-301F-11D3-BF4B-00C04F79EFBC}") = "003_GoTo", "Loop3\003_GoTo.csproj", "{1C56D22B-8A1B-491D-82D1-4B1D7E0CE65F}"
EndProject
Project("{FAE04EC0-301F-11D3-BF4B-00C04F79EFBC}") = "004_While", "Loop4\004_While.csproj", "{2C3B0020-FBC4-4000-BE5A-F27111B71CA5}"
EndProject
Project("{FAE04EC0-301F-11D3-BF4B-00C04F79EFBC}") = "005_While", "Loop5\005_While.csproj", "{4FD5E951-7C76-45A5-A3BF-D969D7C80BEF}"
EndProject
Project("{FAE04EC0-301F-11D3-BF4B-00C04F79EFBC}") = "006_While", "Loop6\006_While.csproj", "{5580D18D-50A7-4A0A-A532-E7AB111AFFD8}"
EndProject
Project("{FAE04EC0-301F-11D3-BF4B-00C04F79EFBC}") = "007_GuessColor", "Loop7\007_GuessColor.csproj", "{C5BDE421-BB5B-4C4A-9DA9-83F94FA25717}"
EndProject
Project("{FAE04EC0-301F-11D3-BF4B-00C04F79EFBC}") = "008_DoWhile", "Loop8\008_DoWhile.csproj", "{1C123D40-5DCF-4F8D-9638-380692C2798A}"
EndProject
Project("{FAE04EC0-301F-11D3-BF4B-00C04F79EFBC}") = "009_DoWhile", "Loop9\009_DoWhile.csproj", "{76454670-B50E-402B-9807-48C5D1EED8CF}"
EndProject
Project("{FAE04EC0-301F-11D3-BF4B-00C04F79EFBC}") = "010_DoWhile", "Loop10\010_DoWhile.csproj", "{628771BE-175F-4B96-8729-6BE6434E8EB3}"
EndProject
Project("{FAE04EC0-301F-11D3-BF4B-00C04F79EFBC}") = "011_Factorial", "Loop11\011_Factorial.csproj", "{BFFEA13B-69C9-4515-A7BA-5D38BAB8396E}"
EndProject
Project("{FAE04EC0-301F-11D3-BF4B-00C04F79EFBC}") = "012_For", "Loop12\012_For.csproj", "{77613EDB-0560-4259-AFDE-A03969082E19}"
EndProject
Project("{FAE04EC0-301F-11D3-BF4B-00C04F79EFBC}") = "013_For", "Loop13\013_For.csproj", "{938F6C09-7A77-4A53-906C-6D8DFA55609F}"
EndProject
Project("{FAE04EC0-301F-11D3-BF4B-00C04F79EFBC}") = "014_For", "Loop14\014_For.csproj", "{06C82694-5DB6-4952-9210-53AAA101E70D}"
EndProject
Project("{FAE04EC0-301F-11D3-BF4B-00C04F79EFBC}") = "015_ForInFor", "Loop15\015_ForInFor.csproj", "{406F996F-089B-4E91-8B25-E2D073A4DF40}"
EndProject
Project("{FAE04EC0-301F-11D3-BF4B-00C04F79EFBC}") = "016_DijkstraLoop", "Loop16\016_DijkstraLoop.csproj", "{DC847A86-66AA-49AC-91EB-7AAD3DE3AB7B}"
EndProject
Project("{FAE04EC0-301F-11D3-BF4B-00C04F79EFBC}") = "017_SpiderLoop", "Loop17\017_SpiderLoop.csproj", "{47913FE6-1D14-4B06-9D9B-A98BA77EF98C}"
EndProject
Project("{FAE04EC0-301F-11D3-BF4B-00C04F79EFBC}") = "018_SpiderLoopSimple", "Loop18\018_SpiderLoopSimple.csproj", "{E34B7FC6-8B8E-4305-B237-D727CD5F87A1}"
EndProject
Project("{FAE04EC0-301F-11D3-BF4B-00C04F79EFBC}") = "019_Loop", "Loop19\019_Loop.csproj", "{B22D7E36-7CE8-49C9-98DB-7E08E3DAD8F4}"
EndProject
Project("{FAE04EC0-301F-11D3-BF4B-00C04F79EFBC}") = "MyExample_1", "MyExample_1\MyExample_1.csproj", "{24FE16EC-FF05-4CE1-BC70-E417537DF130}"
EndProject
Project("{FAE04EC0-301F-11D3-BF4B-00C04F79EFBC}") = "HomeWork_6_1", "HomeWork_6_1\HomeWork_6_1.csproj", "{D7F11A1C-C11B-4D19-B166-EE477EB23E93}"
EndProject
Project("{FAE04EC0-301F-11D3-BF4B-00C04F79EFBC}") = "Homework_6_2", "Homework_6_2\Homework_6_2.csproj", "{1C8E6973-08FD-4820-9C12-0D7CA0E53AEA}"
EndProject
Project("{FAE04EC0-301F-11D3-BF4B-00C04F79EFBC}") = "HomeWork_6_3", "HomeWork_6_3\HomeWork_6_3.csproj", "{B3976E79-3D64-44B2-8921-F2FFFCC8719C}"
EndProject
Project("{FAE04EC0-301F-11D3-BF4B-00C04F79EFBC}") = "HomeWork_6_4", "HomeWork_6_4\HomeWork_6_4.csproj", "{97D5CB4C-C326-4E31-9B0E-28F4CDACDD92}"
EndProject
Global
	GlobalSection(SolutionConfigurationPlatforms) = preSolution
		Debug|Any CPU = Debug|Any CPU
		Debug|x86 = Debug|x86
		Release|Any CPU = Release|Any CPU
		Release|x86 = Release|x86
	EndGlobalSection
	GlobalSection(ProjectConfigurationPlatforms) = postSolution
		{4ADC381A-E685-47D4-BFB3-390EC9FFA576}.Debug|Any CPU.ActiveCfg = Debug|x86
		{4ADC381A-E685-47D4-BFB3-390EC9FFA576}.Debug|x86.ActiveCfg = Debug|x86
		{4ADC381A-E685-47D4-BFB3-390EC9FFA576}.Debug|x86.Build.0 = Debug|x86
		{4ADC381A-E685-47D4-BFB3-390EC9FFA576}.Release|Any CPU.ActiveCfg = Release|x86
		{4ADC381A-E685-47D4-BFB3-390EC9FFA576}.Release|x86.ActiveCfg = Release|x86
		{4ADC381A-E685-47D4-BFB3-390EC9FFA576}.Release|x86.Build.0 = Release|x86
		{30BEF0F8-F54D-40A6-BEEA-F64FA1286F32}.Debug|Any CPU.ActiveCfg = Debug|x86
		{30BEF0F8-F54D-40A6-BEEA-F64FA1286F32}.Debug|x86.ActiveCfg = Debug|x86
		{30BEF0F8-F54D-40A6-BEEA-F64FA1286F32}.Debug|x86.Build.0 = Debug|x86
		{30BEF0F8-F54D-40A6-BEEA-F64FA1286F32}.Release|Any CPU.ActiveCfg = Release|x86
		{30BEF0F8-F54D-40A6-BEEA-F64FA1286F32}.Release|x86.ActiveCfg = Release|x86
		{30BEF0F8-F54D-40A6-BEEA-F64FA1286F32}.Release|x86.Build.0 = Release|x86
		{1C56D22B-8A1B-491D-82D1-4B1D7E0CE65F}.Debug|Any CPU.ActiveCfg = Debug|x86
		{1C56D22B-8A1B-491D-82D1-4B1D7E0CE65F}.Debug|x86.ActiveCfg = Debug|x86
		{1C56D22B-8A1B-491D-82D1-4B1D7E0CE65F}.Debug|x86.Build.0 = Debug|x86
		{1C56D22B-8A1B-491D-82D1-4B1D7E0CE65F}.Release|Any CPU.ActiveCfg = Release|x86
		{1C56D22B-8A1B-491D-82D1-4B1D7E0CE65F}.Release|x86.ActiveCfg = Release|x86
		{1C56D22B-8A1B-491D-82D1-4B1D7E0CE65F}.Release|x86.Build.0 = Release|x86
		{2C3B0020-FBC4-4000-BE5A-F27111B71CA5}.Debug|Any CPU.ActiveCfg = Debug|x86
		{2C3B0020-FBC4-4000-BE5A-F27111B71CA5}.Debug|x86.ActiveCfg = Debug|x86
		{2C3B0020-FBC4-4000-BE5A-F27111B71CA5}.Debug|x86.Build.0 = Debug|x86
		{2C3B0020-FBC4-4000-BE5A-F27111B71CA5}.Release|Any CPU.ActiveCfg = Release|x86
		{2C3B0020-FBC4-4000-BE5A-F27111B71CA5}.Release|x86.ActiveCfg = Release|x86
		{2C3B0020-FBC4-4000-BE5A-F27111B71CA5}.Release|x86.Build.0 = Release|x86
		{4FD5E951-7C76-45A5-A3BF-D969D7C80BEF}.Debug|Any CPU.ActiveCfg = Debug|x86
		{4FD5E951-7C76-45A5-A3BF-D969D7C80BEF}.Debug|x86.ActiveCfg = Debug|x86
		{4FD5E951-7C76-45A5-A3BF-D969D7C80BEF}.Debug|x86.Build.0 = Debug|x86
		{4FD5E951-7C76-45A5-A3BF-D969D7C80BEF}.Release|Any CPU.ActiveCfg = Release|x86
		{4FD5E951-7C76-45A5-A3BF-D969D7C80BEF}.Release|x86.ActiveCfg = Release|x86
		{4FD5E951-7C76-45A5-A3BF-D969D7C80BEF}.Release|x86.Build.0 = Release|x86
		{5580D18D-50A7-4A0A-A532-E7AB111AFFD8}.Debug|Any CPU.ActiveCfg = Debug|x86
		{5580D18D-50A7-4A0A-A532-E7AB111AFFD8}.Debug|x86.ActiveCfg = Debug|x86
		{5580D18D-50A7-4A0A-A532-E7AB111AFFD8}.Debug|x86.Build.0 = Debug|x86
		{5580D18D-50A7-4A0A-A532-E7AB111AFFD8}.Release|Any CPU.ActiveCfg = Release|x86
		{5580D18D-50A7-4A0A-A532-E7AB111AFFD8}.Release|x86.ActiveCfg = Release|x86
		{5580D18D-50A7-4A0A-A532-E7AB111AFFD8}.Release|x86.Build.0 = Release|x86
		{C5BDE421-BB5B-4C4A-9DA9-83F94FA25717}.Debug|Any CPU.ActiveCfg = Debug|x86
		{C5BDE421-BB5B-4C4A-9DA9-83F94FA25717}.Debug|x86.ActiveCfg = Debug|x86
		{C5BDE421-BB5B-4C4A-9DA9-83F94FA25717}.Debug|x86.Build.0 = Debug|x86
		{C5BDE421-BB5B-4C4A-9DA9-83F94FA25717}.Release|Any CPU.ActiveCfg = Release|x86
		{C5BDE421-BB5B-4C4A-9DA9-83F94FA25717}.Release|x86.ActiveCfg = Release|x86
		{C5BDE421-BB5B-4C4A-9DA9-83F94FA25717}.Release|x86.Build.0 = Release|x86
		{1C123D40-5DCF-4F8D-9638-380692C2798A}.Debug|Any CPU.ActiveCfg = Debug|x86
		{1C123D40-5DCF-4F8D-9638-380692C2798A}.Debug|x86.ActiveCfg = Debug|x86
		{1C123D40-5DCF-4F8D-9638-380692C2798A}.Debug|x86.Build.0 = Debug|x86
		{1C123D40-5DCF-4F8D-9638-380692C2798A}.Release|Any CPU.ActiveCfg = Release|x86
		{1C123D40-5DCF-4F8D-9638-380692C2798A}.Release|x86.ActiveCfg = Release|x86
		{1C123D40-5DCF-4F8D-9638-380692C2798A}.Release|x86.Build.0 = Release|x86
		{76454670-B50E-402B-9807-48C5D1EED8CF}.Debug|Any CPU.ActiveCfg = Debug|x86
		{76454670-B50E-402B-9807-48C5D1EED8CF}.Debug|x86.ActiveCfg = Debug|x86
		{76454670-B50E-402B-9807-48C5D1EED8CF}.Debug|x86.Build.0 = Debug|x86
		{76454670-B50E-402B-9807-48C5D1EED8CF}.Release|Any CPU.ActiveCfg = Release|x86
		{76454670-B50E-402B-9807-48C5D1EED8CF}.Release|x86.ActiveCfg = Release|x86
		{76454670-B50E-402B-9807-48C5D1EED8CF}.Release|x86.Build.0 = Release|x86
		{628771BE-175F-4B96-8729-6BE6434E8EB3}.Debug|Any CPU.ActiveCfg = Debug|x86
		{628771BE-175F-4B96-8729-6BE6434E8EB3}.Debug|x86.ActiveCfg = Debug|x86
		{628771BE-175F-4B96-8729-6BE6434E8EB3}.Debug|x86.Build.0 = Debug|x86
		{628771BE-175F-4B96-8729-6BE6434E8EB3}.Release|Any CPU.ActiveCfg = Release|x86
		{628771BE-175F-4B96-8729-6BE6434E8EB3}.Release|x86.ActiveCfg = Release|x86
		{628771BE-175F-4B96-8729-6BE6434E8EB3}.Release|x86.Build.0 = Release|x86
		{BFFEA13B-69C9-4515-A7BA-5D38BAB8396E}.Debug|Any CPU.ActiveCfg = Debug|x86
		{BFFEA13B-69C9-4515-A7BA-5D38BAB8396E}.Debug|x86.ActiveCfg = Debug|x86
		{BFFEA13B-69C9-4515-A7BA-5D38BAB8396E}.Debug|x86.Build.0 = Debug|x86
		{BFFEA13B-69C9-4515-A7BA-5D38BAB8396E}.Release|Any CPU.ActiveCfg = Release|x86
		{BFFEA13B-69C9-4515-A7BA-5D38BAB8396E}.Release|x86.ActiveCfg = Release|x86
		{BFFEA13B-69C9-4515-A7BA-5D38BAB8396E}.Release|x86.Build.0 = Release|x86
		{77613EDB-0560-4259-AFDE-A03969082E19}.Debug|Any CPU.ActiveCfg = Debug|x86
		{77613EDB-0560-4259-AFDE-A03969082E19}.Debug|x86.ActiveCfg = Debug|x86
		{77613EDB-0560-4259-AFDE-A03969082E19}.Debug|x86.Build.0 = Debug|x86
		{77613EDB-0560-4259-AFDE-A03969082E19}.Release|Any CPU.ActiveCfg = Release|x86
		{77613EDB-0560-4259-AFDE-A03969082E19}.Release|x86.ActiveCfg = Release|x86
		{77613EDB-0560-4259-AFDE-A03969082E19}.Release|x86.Build.0 = Release|x86
		{938F6C09-7A77-4A53-906C-6D8DFA55609F}.Debug|Any CPU.ActiveCfg = Debug|x86
		{938F6C09-7A77-4A53-906C-6D8DFA55609F}.Debug|x86.ActiveCfg = Debug|x86
		{938F6C09-7A77-4A53-906C-6D8DFA55609F}.Debug|x86.Build.0 = Debug|x86
		{938F6C09-7A77-4A53-906C-6D8DFA55609F}.Release|Any CPU.ActiveCfg = Release|x86
		{938F6C09-7A77-4A53-906C-6D8DFA55609F}.Release|x86.ActiveCfg = Release|x86
		{938F6C09-7A77-4A53-906C-6D8DFA55609F}.Release|x86.Build.0 = Release|x86
		{06C82694-5DB6-4952-9210-53AAA101E70D}.Debug|Any CPU.ActiveCfg = Debug|x86
		{06C82694-5DB6-4952-9210-53AAA101E70D}.Debug|x86.ActiveCfg = Debug|x86
		{06C82694-5DB6-4952-9210-53AAA101E70D}.Debug|x86.Build.0 = Debug|x86
		{06C82694-5DB6-4952-9210-53AAA101E70D}.Release|Any CPU.ActiveCfg = Release|x86
		{06C82694-5DB6-4952-9210-53AAA101E70D}.Release|x86.ActiveCfg = Release|x86
		{06C82694-5DB6-4952-9210-53AAA101E70D}.Release|x86.Build.0 = Release|x86
		{406F996F-089B-4E91-8B25-E2D073A4DF40}.Debug|Any CPU.ActiveCfg = Debug|x86
		{406F996F-089B-4E91-8B25-E2D073A4DF40}.Debug|x86.ActiveCfg = Debug|x86
		{406F996F-089B-4E91-8B25-E2D073A4DF40}.Debug|x86.Build.0 = Debug|x86
		{406F996F-089B-4E91-8B25-E2D073A4DF40}.Release|Any CPU.ActiveCfg = Release|x86
		{406F996F-089B-4E91-8B25-E2D073A4DF40}.Release|x86.ActiveCfg = Release|x86
		{406F996F-089B-4E91-8B25-E2D073A4DF40}.Release|x86.Build.0 = Release|x86
		{DC847A86-66AA-49AC-91EB-7AAD3DE3AB7B}.Debug|Any CPU.ActiveCfg = Debug|x86
		{DC847A86-66AA-49AC-91EB-7AAD3DE3AB7B}.Debug|x86.ActiveCfg = Debug|x86
		{DC847A86-66AA-49AC-91EB-7AAD3DE3AB7B}.Debug|x86.Build.0 = Debug|x86
		{DC847A86-66AA-49AC-91EB-7AAD3DE3AB7B}.Release|Any CPU.ActiveCfg = Release|x86
		{DC847A86-66AA-49AC-91EB-7AAD3DE3AB7B}.Release|x86.ActiveCfg = Release|x86
		{DC847A86-66AA-49AC-91EB-7AAD3DE3AB7B}.Release|x86.Build.0 = Release|x86
		{47913FE6-1D14-4B06-9D9B-A98BA77EF98C}.Debug|Any CPU.ActiveCfg = Debug|x86
		{47913FE6-1D14-4B06-9D9B-A98BA77EF98C}.Debug|x86.ActiveCfg = Debug|x86
		{47913FE6-1D14-4B06-9D9B-A98BA77EF98C}.Debug|x86.Build.0 = Debug|x86
		{47913FE6-1D14-4B06-9D9B-A98BA77EF98C}.Release|Any CPU.ActiveCfg = Release|x86
		{47913FE6-1D14-4B06-9D9B-A98BA77EF98C}.Release|x86.ActiveCfg = Release|x86
		{47913FE6-1D14-4B06-9D9B-A98BA77EF98C}.Release|x86.Build.0 = Release|x86
		{E34B7FC6-8B8E-4305-B237-D727CD5F87A1}.Debug|Any CPU.ActiveCfg = Debug|x86
		{E34B7FC6-8B8E-4305-B237-D727CD5F87A1}.Debug|x86.ActiveCfg = Debug|x86
		{E34B7FC6-8B8E-4305-B237-D727CD5F87A1}.Debug|x86.Build.0 = Debug|x86
		{E34B7FC6-8B8E-4305-B237-D727CD5F87A1}.Release|Any CPU.ActiveCfg = Release|x86
		{E34B7FC6-8B8E-4305-B237-D727CD5F87A1}.Release|x86.ActiveCfg = Release|x86
		{E34B7FC6-8B8E-4305-B237-D727CD5F87A1}.Release|x86.Build.0 = Release|x86
		{B22D7E36-7CE8-49C9-98DB-7E08E3DAD8F4}.Debug|Any CPU.ActiveCfg = Debug|x86
		{B22D7E36-7CE8-49C9-98DB-7E08E3DAD8F4}.Debug|x86.ActiveCfg = Debug|x86
		{B22D7E36-7CE8-49C9-98DB-7E08E3DAD8F4}.Debug|x86.Build.0 = Debug|x86
		{B22D7E36-7CE8-49C9-98DB-7E08E3DAD8F4}.Release|Any CPU.ActiveCfg = Release|x86
		{B22D7E36-7CE8-49C9-98DB-7E08E3DAD8F4}.Release|x86.ActiveCfg = Release|x86
		{B22D7E36-7CE8-49C9-98DB-7E08E3DAD8F4}.Release|x86.Build.0 = Release|x86
		{24FE16EC-FF05-4CE1-BC70-E417537DF130}.Debug|Any CPU.ActiveCfg = Debug|Any CPU
		{24FE16EC-FF05-4CE1-BC70-E417537DF130}.Debug|Any CPU.Build.0 = Debug|Any CPU
		{24FE16EC-FF05-4CE1-BC70-E417537DF130}.Debug|x86.ActiveCfg = Debug|Any CPU
		{24FE16EC-FF05-4CE1-BC70-E417537DF130}.Debug|x86.Build.0 = Debug|Any CPU
		{24FE16EC-FF05-4CE1-BC70-E417537DF130}.Release|Any CPU.ActiveCfg = Release|Any CPU
		{24FE16EC-FF05-4CE1-BC70-E417537DF130}.Release|Any CPU.Build.0 = Release|Any CPU
		{24FE16EC-FF05-4CE1-BC70-E417537DF130}.Release|x86.ActiveCfg = Release|Any CPU
		{24FE16EC-FF05-4CE1-BC70-E417537DF130}.Release|x86.Build.0 = Release|Any CPU
		{D7F11A1C-C11B-4D19-B166-EE477EB23E93}.Debug|Any CPU.ActiveCfg = Debug|Any CPU
		{D7F11A1C-C11B-4D19-B166-EE477EB23E93}.Debug|Any CPU.Build.0 = Debug|Any CPU
		{D7F11A1C-C11B-4D19-B166-EE477EB23E93}.Debug|x86.ActiveCfg = Debug|Any CPU
		{D7F11A1C-C11B-4D19-B166-EE477EB23E93}.Debug|x86.Build.0 = Debug|Any CPU
		{D7F11A1C-C11B-4D19-B166-EE477EB23E93}.Release|Any CPU.ActiveCfg = Release|Any CPU
		{D7F11A1C-C11B-4D19-B166-EE477EB23E93}.Release|Any CPU.Build.0 = Release|Any CPU
		{D7F11A1C-C11B-4D19-B166-EE477EB23E93}.Release|x86.ActiveCfg = Release|Any CPU
		{D7F11A1C-C11B-4D19-B166-EE477EB23E93}.Release|x86.Build.0 = Release|Any CPU
		{1C8E6973-08FD-4820-9C12-0D7CA0E53AEA}.Debug|Any CPU.ActiveCfg = Debug|Any CPU
		{1C8E6973-08FD-4820-9C12-0D7CA0E53AEA}.Debug|Any CPU.Build.0 = Debug|Any CPU
		{1C8E6973-08FD-4820-9C12-0D7CA0E53AEA}.Debug|x86.ActiveCfg = Debug|Any CPU
		{1C8E6973-08FD-4820-9C12-0D7CA0E53AEA}.Debug|x86.Build.0 = Debug|Any CPU
		{1C8E6973-08FD-4820-9C12-0D7CA0E53AEA}.Release|Any CPU.ActiveCfg = Release|Any CPU
		{1C8E6973-08FD-4820-9C12-0D7CA0E53AEA}.Release|Any CPU.Build.0 = Release|Any CPU
		{1C8E6973-08FD-4820-9C12-0D7CA0E53AEA}.Release|x86.ActiveCfg = Release|Any CPU
		{1C8E6973-08FD-4820-9C12-0D7CA0E53AEA}.Release|x86.Build.0 = Release|Any CPU
		{B3976E79-3D64-44B2-8921-F2FFFCC8719C}.Debug|Any CPU.ActiveCfg = Debug|Any CPU
		{B3976E79-3D64-44B2-8921-F2FFFCC8719C}.Debug|Any CPU.Build.0 = Debug|Any CPU
		{B3976E79-3D64-44B2-8921-F2FFFCC8719C}.Debug|x86.ActiveCfg = Debug|Any CPU
		{B3976E79-3D64-44B2-8921-F2FFFCC8719C}.Debug|x86.Build.0 = Debug|Any CPU
		{B3976E79-3D64-44B2-8921-F2FFFCC8719C}.Release|Any CPU.ActiveCfg = Release|Any CPU
		{B3976E79-3D64-44B2-8921-F2FFFCC8719C}.Release|Any CPU.Build.0 = Release|Any CPU
		{B3976E79-3D64-44B2-8921-F2FFFCC8719C}.Release|x86.ActiveCfg = Release|Any CPU
		{B3976E79-3D64-44B2-8921-F2FFFCC8719C}.Release|x86.Build.0 = Release|Any CPU
		{97D5CB4C-C326-4E31-9B0E-28F4CDACDD92}.Debug|Any CPU.ActiveCfg = Debug|Any CPU
		{97D5CB4C-C326-4E31-9B0E-28F4CDACDD92}.Debug|Any CPU.Build.0 = Debug|Any CPU
		{97D5CB4C-C326-4E31-9B0E-28F4CDACDD92}.Debug|x86.ActiveCfg = Debug|Any CPU
		{97D5CB4C-C326-4E31-9B0E-28F4CDACDD92}.Debug|x86.Build.0 = Debug|Any CPU
		{97D5CB4C-C326-4E31-9B0E-28F4CDACDD92}.Release|Any CPU.ActiveCfg = Release|Any CPU
		{97D5CB4C-C326-4E31-9B0E-28F4CDACDD92}.Release|Any CPU.Build.0 = Release|Any CPU
		{97D5CB4C-C326-4E31-9B0E-28F4CDACDD92}.Release|x86.ActiveCfg = Release|Any CPU
		{97D5CB4C-C326-4E31-9B0E-28F4CDACDD92}.Release|x86.Build.0 = Release|Any CPU
	EndGlobalSection
	GlobalSection(SolutionProperties) = preSolution
		HideSolutionNode = FALSE
	EndGlobalSection
	GlobalSection(ExtensibilityGlobals) = postSolution
		SolutionGuid = {01FD41A7-4045-4E0A-832E-A784C376B189}
	EndGlobalSection
EndGlobal
