
Microsoft Visual Studio Solution File, Format Version 11.00
# Visual Studio 2010
Project("{FAE04EC0-301F-11D3-BF4B-00C04F79EFBC}") = "Addition task", "Addition task\Addition task.csproj", "{4CD30DC7-465C-46F2-BB06-423626C769CB}"
EndProject
Project("{FAE04EC0-301F-11D3-BF4B-00C04F79EFBC}") = "Task 1", "Task 1\Task 1.csproj", "{F9E7D337-F4D9-4D2F-8696-B0F343E80174}"
EndProject
Project("{FAE04EC0-301F-11D3-BF4B-00C04F79EFBC}") = "Task 2", "Task 2\Task 2.csproj", "{335AC44C-8956-443C-9126-63698FC57565}"
EndProject
Project("{FAE04EC0-301F-11D3-BF4B-00C04F79EFBC}") = "Task 3", "Task 4\Task 3.csproj", "{71283807-89C4-471F-962B-978D62E9F976}"
EndProject
Global
	GlobalSection(SolutionConfigurationPlatforms) = preSolution
		Debug|x86 = Debug|x86
		Release|x86 = Release|x86
	EndGlobalSection
	GlobalSection(ProjectConfigurationPlatforms) = postSolution
		{4CD30DC7-465C-46F2-BB06-423626C769CB}.Debug|x86.ActiveCfg = Debug|x86
		{4CD30DC7-465C-46F2-BB06-423626C769CB}.Debug|x86.Build.0 = Debug|x86
		{4CD30DC7-465C-46F2-BB06-423626C769CB}.Release|x86.ActiveCfg = Release|x86
		{4CD30DC7-465C-46F2-BB06-423626C769CB}.Release|x86.Build.0 = Release|x86
		{F9E7D337-F4D9-4D2F-8696-B0F343E80174}.Debug|x86.ActiveCfg = Debug|x86
		{F9E7D337-F4D9-4D2F-8696-B0F343E80174}.Debug|x86.Build.0 = Debug|x86
		{F9E7D337-F4D9-4D2F-8696-B0F343E80174}.Release|x86.ActiveCfg = Release|x86
		{F9E7D337-F4D9-4D2F-8696-B0F343E80174}.Release|x86.Build.0 = Release|x86
		{335AC44C-8956-443C-9126-63698FC57565}.Debug|x86.ActiveCfg = Debug|x86
		{335AC44C-8956-443C-9126-63698FC57565}.Debug|x86.Build.0 = Debug|x86
		{335AC44C-8956-443C-9126-63698FC57565}.Release|x86.ActiveCfg = Release|x86
		{335AC44C-8956-443C-9126-63698FC57565}.Release|x86.Build.0 = Release|x86
		{71283807-89C4-471F-962B-978D62E9F976}.Debug|x86.ActiveCfg = Debug|x86
		{71283807-89C4-471F-962B-978D62E9F976}.Debug|x86.Build.0 = Debug|x86
		{71283807-89C4-471F-962B-978D62E9F976}.Release|x86.ActiveCfg = Release|x86
		{71283807-89C4-471F-962B-978D62E9F976}.Release|x86.Build.0 = Release|x86
	EndGlobalSection
	GlobalSection(SolutionProperties) = preSolution
		HideSolutionNode = FALSE
	EndGlobalSection
EndGlobal
