
Microsoft Visual Studio Solution File, Format Version 11.00
# Visual Studio 2010
Project("{FAE04EC0-301F-11D3-BF4B-00C04F79EFBC}") = "001_Arrays", "Arrays\001_Arrays.csproj", "{D623F4EF-F545-4B1F-AA96-F780F0C9F903}"
EndProject
Project("{FAE04EC0-301F-11D3-BF4B-00C04F79EFBC}") = "002_Arrays", "Arrays2\002_Arrays.csproj", "{DE74A50B-793B-4D1C-80BE-A14BF7C2AC3C}"
EndProject
Project("{FAE04EC0-301F-11D3-BF4B-00C04F79EFBC}") = "003_Arrays", "Arrays3\003_Arrays.csproj", "{6938183D-657D-46B0-9B16-CC382C445A64}"
EndProject
Project("{FAE04EC0-301F-11D3-BF4B-00C04F79EFBC}") = "004_Arrays", "Arrays4\004_Arrays.csproj", "{B47B04E8-2072-4C93-A297-EEF9837026A5}"
EndProject
Project("{FAE04EC0-301F-11D3-BF4B-00C04F79EFBC}") = "005_Arrays", "Arrays5\005_Arrays.csproj", "{B2B24C63-6A9A-41C7-8CCC-64382A2C90EC}"
EndProject
Project("{FAE04EC0-301F-11D3-BF4B-00C04F79EFBC}") = "006_Arrays", "Arrays6\006_Arrays.csproj", "{F290225A-D45C-420B-B337-04601BFE1DB4}"
EndProject
Project("{FAE04EC0-301F-11D3-BF4B-00C04F79EFBC}") = "007_TwoDimensional", "Arrays7\007_TwoDimensional.csproj", "{3B9B124D-BB67-4FA9-BCC7-4FB822B74FBD}"
EndProject
Project("{FAE04EC0-301F-11D3-BF4B-00C04F79EFBC}") = "008_TwoDimensional", "Arrays8\008_TwoDimensional.csproj", "{7D048860-5362-4BDF-A480-CCB0269808B1}"
EndProject
Project("{FAE04EC0-301F-11D3-BF4B-00C04F79EFBC}") = "009_TwoDimensional", "Arrays9\009_TwoDimensional.csproj", "{299E84D3-A09B-477E-8402-D7C156FDE2BC}"
EndProject
Project("{FAE04EC0-301F-11D3-BF4B-00C04F79EFBC}") = "010_OneElement", "Arrays10\010_OneElement.csproj", "{B94999E0-B17D-4F75-862C-7A687B9DF932}"
EndProject
Project("{FAE04EC0-301F-11D3-BF4B-00C04F79EFBC}") = "015_Jagged", "Arrays11\015_Jagged.csproj", "{04E5004B-5D81-44E9-AEDA-2C55C633B1E8}"
EndProject
Project("{FAE04EC0-301F-11D3-BF4B-00C04F79EFBC}") = "016_Jagged", "Arrays12\016_Jagged.csproj", "{3AA4542F-4EF8-4619-ACD1-1EAA772DFD2D}"
EndProject
Project("{FAE04EC0-301F-11D3-BF4B-00C04F79EFBC}") = "011_ThreeDimensional", "Arrays13\011_ThreeDimensional.csproj", "{55671843-569B-4CE7-B495-723ADBE85B8F}"
EndProject
Project("{FAE04EC0-301F-11D3-BF4B-00C04F79EFBC}") = "012_ThreeDimensional", "Arrays14\012_ThreeDimensional.csproj", "{979E8714-DB60-4D04-B9F6-D17F2B80B24F}"
EndProject
Project("{FAE04EC0-301F-11D3-BF4B-00C04F79EFBC}") = "013_FourDimensional", "Arrays15\013_FourDimensional.csproj", "{041EF56D-43A5-4F1C-8236-D0B81BE57148}"
EndProject
Project("{FAE04EC0-301F-11D3-BF4B-00C04F79EFBC}") = "014_FourDimensional", "Arrays16\014_FourDimensional.csproj", "{584DF6DA-0D9C-41DB-A1B4-09CA7D67AD35}"
EndProject
Project("{FAE04EC0-301F-11D3-BF4B-00C04F79EFBC}") = "018_Params", "Arrays20\018_Params.csproj", "{62416437-4AA3-4EFA-A928-99886DDABC3B}"
EndProject
Project("{FAE04EC0-301F-11D3-BF4B-00C04F79EFBC}") = "019_Params", "Arrays21\019_Params.csproj", "{EA29679B-07EC-4E47-8338-B8CFBB106399}"
EndProject
Project("{FAE04EC0-301F-11D3-BF4B-00C04F79EFBC}") = "017_MethodWithArray", "MethodWithArray\017_MethodWithArray.csproj", "{CCA75B8B-FC35-4164-AFBD-EF4C403BA00F}"
EndProject
Global
	GlobalSection(SolutionConfigurationPlatforms) = preSolution
		Debug|x86 = Debug|x86
		Release|x86 = Release|x86
	EndGlobalSection
	GlobalSection(ProjectConfigurationPlatforms) = postSolution
		{D623F4EF-F545-4B1F-AA96-F780F0C9F903}.Debug|x86.ActiveCfg = Debug|x86
		{D623F4EF-F545-4B1F-AA96-F780F0C9F903}.Debug|x86.Build.0 = Debug|x86
		{D623F4EF-F545-4B1F-AA96-F780F0C9F903}.Release|x86.ActiveCfg = Release|x86
		{D623F4EF-F545-4B1F-AA96-F780F0C9F903}.Release|x86.Build.0 = Release|x86
		{DE74A50B-793B-4D1C-80BE-A14BF7C2AC3C}.Debug|x86.ActiveCfg = Debug|x86
		{DE74A50B-793B-4D1C-80BE-A14BF7C2AC3C}.Debug|x86.Build.0 = Debug|x86
		{DE74A50B-793B-4D1C-80BE-A14BF7C2AC3C}.Release|x86.ActiveCfg = Release|x86
		{DE74A50B-793B-4D1C-80BE-A14BF7C2AC3C}.Release|x86.Build.0 = Release|x86
		{6938183D-657D-46B0-9B16-CC382C445A64}.Debug|x86.ActiveCfg = Debug|x86
		{6938183D-657D-46B0-9B16-CC382C445A64}.Debug|x86.Build.0 = Debug|x86
		{6938183D-657D-46B0-9B16-CC382C445A64}.Release|x86.ActiveCfg = Release|x86
		{6938183D-657D-46B0-9B16-CC382C445A64}.Release|x86.Build.0 = Release|x86
		{B47B04E8-2072-4C93-A297-EEF9837026A5}.Debug|x86.ActiveCfg = Debug|x86
		{B47B04E8-2072-4C93-A297-EEF9837026A5}.Debug|x86.Build.0 = Debug|x86
		{B47B04E8-2072-4C93-A297-EEF9837026A5}.Release|x86.ActiveCfg = Release|x86
		{B47B04E8-2072-4C93-A297-EEF9837026A5}.Release|x86.Build.0 = Release|x86
		{B2B24C63-6A9A-41C7-8CCC-64382A2C90EC}.Debug|x86.ActiveCfg = Debug|x86
		{B2B24C63-6A9A-41C7-8CCC-64382A2C90EC}.Debug|x86.Build.0 = Debug|x86
		{B2B24C63-6A9A-41C7-8CCC-64382A2C90EC}.Release|x86.ActiveCfg = Release|x86
		{B2B24C63-6A9A-41C7-8CCC-64382A2C90EC}.Release|x86.Build.0 = Release|x86
		{F290225A-D45C-420B-B337-04601BFE1DB4}.Debug|x86.ActiveCfg = Debug|x86
		{F290225A-D45C-420B-B337-04601BFE1DB4}.Debug|x86.Build.0 = Debug|x86
		{F290225A-D45C-420B-B337-04601BFE1DB4}.Release|x86.ActiveCfg = Release|x86
		{F290225A-D45C-420B-B337-04601BFE1DB4}.Release|x86.Build.0 = Release|x86
		{3B9B124D-BB67-4FA9-BCC7-4FB822B74FBD}.Debug|x86.ActiveCfg = Debug|x86
		{3B9B124D-BB67-4FA9-BCC7-4FB822B74FBD}.Debug|x86.Build.0 = Debug|x86
		{3B9B124D-BB67-4FA9-BCC7-4FB822B74FBD}.Release|x86.ActiveCfg = Release|x86
		{3B9B124D-BB67-4FA9-BCC7-4FB822B74FBD}.Release|x86.Build.0 = Release|x86
		{7D048860-5362-4BDF-A480-CCB0269808B1}.Debug|x86.ActiveCfg = Debug|x86
		{7D048860-5362-4BDF-A480-CCB0269808B1}.Debug|x86.Build.0 = Debug|x86
		{7D048860-5362-4BDF-A480-CCB0269808B1}.Release|x86.ActiveCfg = Release|x86
		{7D048860-5362-4BDF-A480-CCB0269808B1}.Release|x86.Build.0 = Release|x86
		{299E84D3-A09B-477E-8402-D7C156FDE2BC}.Debug|x86.ActiveCfg = Debug|x86
		{299E84D3-A09B-477E-8402-D7C156FDE2BC}.Debug|x86.Build.0 = Debug|x86
		{299E84D3-A09B-477E-8402-D7C156FDE2BC}.Release|x86.ActiveCfg = Release|x86
		{299E84D3-A09B-477E-8402-D7C156FDE2BC}.Release|x86.Build.0 = Release|x86
		{B94999E0-B17D-4F75-862C-7A687B9DF932}.Debug|x86.ActiveCfg = Debug|x86
		{B94999E0-B17D-4F75-862C-7A687B9DF932}.Debug|x86.Build.0 = Debug|x86
		{B94999E0-B17D-4F75-862C-7A687B9DF932}.Release|x86.ActiveCfg = Release|x86
		{B94999E0-B17D-4F75-862C-7A687B9DF932}.Release|x86.Build.0 = Release|x86
		{04E5004B-5D81-44E9-AEDA-2C55C633B1E8}.Debug|x86.ActiveCfg = Debug|x86
		{04E5004B-5D81-44E9-AEDA-2C55C633B1E8}.Debug|x86.Build.0 = Debug|x86
		{04E5004B-5D81-44E9-AEDA-2C55C633B1E8}.Release|x86.ActiveCfg = Release|x86
		{04E5004B-5D81-44E9-AEDA-2C55C633B1E8}.Release|x86.Build.0 = Release|x86
		{3AA4542F-4EF8-4619-ACD1-1EAA772DFD2D}.Debug|x86.ActiveCfg = Debug|x86
		{3AA4542F-4EF8-4619-ACD1-1EAA772DFD2D}.Debug|x86.Build.0 = Debug|x86
		{3AA4542F-4EF8-4619-ACD1-1EAA772DFD2D}.Release|x86.ActiveCfg = Release|x86
		{3AA4542F-4EF8-4619-ACD1-1EAA772DFD2D}.Release|x86.Build.0 = Release|x86
		{55671843-569B-4CE7-B495-723ADBE85B8F}.Debug|x86.ActiveCfg = Debug|x86
		{55671843-569B-4CE7-B495-723ADBE85B8F}.Debug|x86.Build.0 = Debug|x86
		{55671843-569B-4CE7-B495-723ADBE85B8F}.Release|x86.ActiveCfg = Release|x86
		{55671843-569B-4CE7-B495-723ADBE85B8F}.Release|x86.Build.0 = Release|x86
		{979E8714-DB60-4D04-B9F6-D17F2B80B24F}.Debug|x86.ActiveCfg = Debug|x86
		{979E8714-DB60-4D04-B9F6-D17F2B80B24F}.Debug|x86.Build.0 = Debug|x86
		{979E8714-DB60-4D04-B9F6-D17F2B80B24F}.Release|x86.ActiveCfg = Release|x86
		{979E8714-DB60-4D04-B9F6-D17F2B80B24F}.Release|x86.Build.0 = Release|x86
		{041EF56D-43A5-4F1C-8236-D0B81BE57148}.Debug|x86.ActiveCfg = Debug|x86
		{041EF56D-43A5-4F1C-8236-D0B81BE57148}.Debug|x86.Build.0 = Debug|x86
		{041EF56D-43A5-4F1C-8236-D0B81BE57148}.Release|x86.ActiveCfg = Release|x86
		{041EF56D-43A5-4F1C-8236-D0B81BE57148}.Release|x86.Build.0 = Release|x86
		{584DF6DA-0D9C-41DB-A1B4-09CA7D67AD35}.Debug|x86.ActiveCfg = Debug|x86
		{584DF6DA-0D9C-41DB-A1B4-09CA7D67AD35}.Debug|x86.Build.0 = Debug|x86
		{584DF6DA-0D9C-41DB-A1B4-09CA7D67AD35}.Release|x86.ActiveCfg = Release|x86
		{584DF6DA-0D9C-41DB-A1B4-09CA7D67AD35}.Release|x86.Build.0 = Release|x86
		{62416437-4AA3-4EFA-A928-99886DDABC3B}.Debug|x86.ActiveCfg = Debug|x86
		{62416437-4AA3-4EFA-A928-99886DDABC3B}.Debug|x86.Build.0 = Debug|x86
		{62416437-4AA3-4EFA-A928-99886DDABC3B}.Release|x86.ActiveCfg = Release|x86
		{62416437-4AA3-4EFA-A928-99886DDABC3B}.Release|x86.Build.0 = Release|x86
		{EA29679B-07EC-4E47-8338-B8CFBB106399}.Debug|x86.ActiveCfg = Debug|x86
		{EA29679B-07EC-4E47-8338-B8CFBB106399}.Debug|x86.Build.0 = Debug|x86
		{EA29679B-07EC-4E47-8338-B8CFBB106399}.Release|x86.ActiveCfg = Release|x86
		{EA29679B-07EC-4E47-8338-B8CFBB106399}.Release|x86.Build.0 = Release|x86
		{CCA75B8B-FC35-4164-AFBD-EF4C403BA00F}.Debug|x86.ActiveCfg = Debug|x86
		{CCA75B8B-FC35-4164-AFBD-EF4C403BA00F}.Debug|x86.Build.0 = Debug|x86
		{CCA75B8B-FC35-4164-AFBD-EF4C403BA00F}.Release|x86.ActiveCfg = Release|x86
		{CCA75B8B-FC35-4164-AFBD-EF4C403BA00F}.Release|x86.Build.0 = Release|x86
	EndGlobalSection
	GlobalSection(SolutionProperties) = preSolution
		HideSolutionNode = FALSE
	EndGlobalSection
EndGlobal
