
Microsoft Visual Studio Solution File, Format Version 11.00
# Visual Studio 2010
Project("{FAE04EC0-301F-11D3-BF4B-00C04F79EFBC}") = "Addition task", "Addition task\Addition task.csproj", "{45BB17B3-5F99-483F-9E11-12D38A7EBFA6}"
EndProject
Project("{FAE04EC0-301F-11D3-BF4B-00C04F79EFBC}") = "Addition task 2", "Addition task 2\Addition task 2.csproj", "{D16CFC01-6525-438A-A8F7-522B0E760A6B}"
EndProject
Project("{FAE04EC0-301F-11D3-BF4B-00C04F79EFBC}") = "Task 1", "Task 1\Task 1.csproj", "{F59B0A19-5D48-4D59-A30F-EC2660BC89B0}"
EndProject
Project("{FAE04EC0-301F-11D3-BF4B-00C04F79EFBC}") = "Task 2", "Task 2\Task 2.csproj", "{9B8BD7F0-DE75-4166-BD0B-45E63489A408}"
EndProject
Project("{FAE04EC0-301F-11D3-BF4B-00C04F79EFBC}") = "Task 3", "Task 3\Task 3.csproj", "{4E263639-8D7E-4E8C-9365-81C2548BB7FB}"
EndProject
Global
	GlobalSection(SolutionConfigurationPlatforms) = preSolution
		Debug|x86 = Debug|x86
		Release|x86 = Release|x86
	EndGlobalSection
	GlobalSection(ProjectConfigurationPlatforms) = postSolution
		{45BB17B3-5F99-483F-9E11-12D38A7EBFA6}.Debug|x86.ActiveCfg = Debug|x86
		{45BB17B3-5F99-483F-9E11-12D38A7EBFA6}.Debug|x86.Build.0 = Debug|x86
		{45BB17B3-5F99-483F-9E11-12D38A7EBFA6}.Release|x86.ActiveCfg = Release|x86
		{45BB17B3-5F99-483F-9E11-12D38A7EBFA6}.Release|x86.Build.0 = Release|x86
		{D16CFC01-6525-438A-A8F7-522B0E760A6B}.Debug|x86.ActiveCfg = Debug|x86
		{D16CFC01-6525-438A-A8F7-522B0E760A6B}.Debug|x86.Build.0 = Debug|x86
		{D16CFC01-6525-438A-A8F7-522B0E760A6B}.Release|x86.ActiveCfg = Release|x86
		{D16CFC01-6525-438A-A8F7-522B0E760A6B}.Release|x86.Build.0 = Release|x86
		{F59B0A19-5D48-4D59-A30F-EC2660BC89B0}.Debug|x86.ActiveCfg = Debug|x86
		{F59B0A19-5D48-4D59-A30F-EC2660BC89B0}.Debug|x86.Build.0 = Debug|x86
		{F59B0A19-5D48-4D59-A30F-EC2660BC89B0}.Release|x86.ActiveCfg = Release|x86
		{F59B0A19-5D48-4D59-A30F-EC2660BC89B0}.Release|x86.Build.0 = Release|x86
		{9B8BD7F0-DE75-4166-BD0B-45E63489A408}.Debug|x86.ActiveCfg = Debug|x86
		{9B8BD7F0-DE75-4166-BD0B-45E63489A408}.Debug|x86.Build.0 = Debug|x86
		{9B8BD7F0-DE75-4166-BD0B-45E63489A408}.Release|x86.ActiveCfg = Release|x86
		{9B8BD7F0-DE75-4166-BD0B-45E63489A408}.Release|x86.Build.0 = Release|x86
		{4E263639-8D7E-4E8C-9365-81C2548BB7FB}.Debug|x86.ActiveCfg = Debug|x86
		{4E263639-8D7E-4E8C-9365-81C2548BB7FB}.Debug|x86.Build.0 = Debug|x86
		{4E263639-8D7E-4E8C-9365-81C2548BB7FB}.Release|x86.ActiveCfg = Release|x86
		{4E263639-8D7E-4E8C-9365-81C2548BB7FB}.Release|x86.Build.0 = Release|x86
	EndGlobalSection
	GlobalSection(SolutionProperties) = preSolution
		HideSolutionNode = FALSE
	EndGlobalSection
EndGlobal
