
Microsoft Visual Studio Solution File, Format Version 12.00
# Visual Studio 15
VisualStudioVersion = 15.0.27004.2002
MinimumVisualStudioVersion = 10.0.40219.1
Project("{FAE04EC0-301F-11D3-BF4B-00C04F79EFBC}") = "001_Methods", "Methods\001_Methods.csproj", "{3FCE4785-1971-4DA9-A9C7-9B5C1A4290D9}"
EndProject
Project("{FAE04EC0-301F-11D3-BF4B-00C04F79EFBC}") = "002_Methods", "Methods2\002_Methods.csproj", "{436254CB-786F-4303-86A9-00B727EBF499}"
EndProject
Project("{FAE04EC0-301F-11D3-BF4B-00C04F79EFBC}") = "003_Methods", "Methods3\003_Methods.csproj", "{92D23129-4FD7-49C9-9FA5-8EEFFD93A6FC}"
EndProject
Project("{FAE04EC0-301F-11D3-BF4B-00C04F79EFBC}") = "004_Methods", "Methods4\004_Methods.csproj", "{8E8191F2-CE0C-4A37-A4F6-41521247DAEA}"
EndProject
Project("{FAE04EC0-301F-11D3-BF4B-00C04F79EFBC}") = "005_Methods", "Methods5\005_Methods.csproj", "{8E07BB6C-B79E-4D4E-B11F-3A6183062867}"
EndProject
Project("{FAE04EC0-301F-11D3-BF4B-00C04F79EFBC}") = "006_Methods", "Methods6\006_Methods.csproj", "{8FF3EF11-31CF-43B7-9039-C26753A394E2}"
EndProject
Project("{FAE04EC0-301F-11D3-BF4B-00C04F79EFBC}") = "007_Methods", "Methods7\007_Methods.csproj", "{DDC64184-3DE8-46BA-BFF2-37FABA6060AF}"
EndProject
Project("{FAE04EC0-301F-11D3-BF4B-00C04F79EFBC}") = "008_Methods", "Methods8\008_Methods.csproj", "{F3822455-A4AB-4AFA-9C68-29FFEE5C6536}"
EndProject
Project("{FAE04EC0-301F-11D3-BF4B-00C04F79EFBC}") = "009_Methods", "Methods9\009_Methods.csproj", "{DE995E2E-7912-4938-A30C-EC1F60C5AF5C}"
EndProject
Project("{FAE04EC0-301F-11D3-BF4B-00C04F79EFBC}") = "010_Methods", "Methods10\010_Methods.csproj", "{B9887D09-4A80-40EA-8BD8-FBB26B7C7824}"
EndProject
Project("{FAE04EC0-301F-11D3-BF4B-00C04F79EFBC}") = "011_Methods", "Methods11\011_Methods.csproj", "{A2B0C405-EC9F-4112-8E97-2D4AFDE65EC2}"
EndProject
Project("{FAE04EC0-301F-11D3-BF4B-00C04F79EFBC}") = "012_Methods", "Methods12\012_Methods.csproj", "{201B91B9-EB8A-4A35-932E-2A1D9DE9144D}"
EndProject
Project("{FAE04EC0-301F-11D3-BF4B-00C04F79EFBC}") = "013_Methods", "Methods13\013_Methods.csproj", "{49589524-5C9E-4C26-A57D-C8F57CAA1115}"
EndProject
Project("{FAE04EC0-301F-11D3-BF4B-00C04F79EFBC}") = "014_Methods", "Methods14\014_Methods.csproj", "{F348CA8D-0692-40E7-8F88-E8EB8435EBF2}"
EndProject
Project("{FAE04EC0-301F-11D3-BF4B-00C04F79EFBC}") = "015_Methods", "Methods15\015_Methods.csproj", "{EFF2A500-FD1B-48E6-B8B4-267AFFFE5B77}"
EndProject
Project("{FAE04EC0-301F-11D3-BF4B-00C04F79EFBC}") = "HomeWork_7_1", "HomeWork_7_1\HomeWork_7_1.csproj", "{F6BD3B0C-FC6B-4C61-932E-943A2D206088}"
EndProject
Project("{FAE04EC0-301F-11D3-BF4B-00C04F79EFBC}") = "HomeWork_7_2", "HomeWork_7_2\HomeWork_7_2.csproj", "{6098DDB4-B1F0-486A-A98F-E3B824FCE258}"
EndProject
Project("{FAE04EC0-301F-11D3-BF4B-00C04F79EFBC}") = "HomeWork_7_3", "HomeWork_7_3\HomeWork_7_3.csproj", "{F7513E36-C548-4C31-80BD-F7656AB20CDB}"
EndProject
Global
	GlobalSection(SolutionConfigurationPlatforms) = preSolution
		Debug|Any CPU = Debug|Any CPU
		Debug|x86 = Debug|x86
		Release|Any CPU = Release|Any CPU
		Release|x86 = Release|x86
	EndGlobalSection
	GlobalSection(ProjectConfigurationPlatforms) = postSolution
		{3FCE4785-1971-4DA9-A9C7-9B5C1A4290D9}.Debug|Any CPU.ActiveCfg = Debug|x86
		{3FCE4785-1971-4DA9-A9C7-9B5C1A4290D9}.Debug|x86.ActiveCfg = Debug|x86
		{3FCE4785-1971-4DA9-A9C7-9B5C1A4290D9}.Debug|x86.Build.0 = Debug|x86
		{3FCE4785-1971-4DA9-A9C7-9B5C1A4290D9}.Release|Any CPU.ActiveCfg = Release|x86
		{3FCE4785-1971-4DA9-A9C7-9B5C1A4290D9}.Release|x86.ActiveCfg = Release|x86
		{3FCE4785-1971-4DA9-A9C7-9B5C1A4290D9}.Release|x86.Build.0 = Release|x86
		{436254CB-786F-4303-86A9-00B727EBF499}.Debug|Any CPU.ActiveCfg = Debug|x86
		{436254CB-786F-4303-86A9-00B727EBF499}.Debug|x86.ActiveCfg = Debug|x86
		{436254CB-786F-4303-86A9-00B727EBF499}.Debug|x86.Build.0 = Debug|x86
		{436254CB-786F-4303-86A9-00B727EBF499}.Release|Any CPU.ActiveCfg = Release|x86
		{436254CB-786F-4303-86A9-00B727EBF499}.Release|x86.ActiveCfg = Release|x86
		{436254CB-786F-4303-86A9-00B727EBF499}.Release|x86.Build.0 = Release|x86
		{92D23129-4FD7-49C9-9FA5-8EEFFD93A6FC}.Debug|Any CPU.ActiveCfg = Debug|x86
		{92D23129-4FD7-49C9-9FA5-8EEFFD93A6FC}.Debug|x86.ActiveCfg = Debug|x86
		{92D23129-4FD7-49C9-9FA5-8EEFFD93A6FC}.Debug|x86.Build.0 = Debug|x86
		{92D23129-4FD7-49C9-9FA5-8EEFFD93A6FC}.Release|Any CPU.ActiveCfg = Release|x86
		{92D23129-4FD7-49C9-9FA5-8EEFFD93A6FC}.Release|x86.ActiveCfg = Release|x86
		{92D23129-4FD7-49C9-9FA5-8EEFFD93A6FC}.Release|x86.Build.0 = Release|x86
		{8E8191F2-CE0C-4A37-A4F6-41521247DAEA}.Debug|Any CPU.ActiveCfg = Debug|x86
		{8E8191F2-CE0C-4A37-A4F6-41521247DAEA}.Debug|x86.ActiveCfg = Debug|x86
		{8E8191F2-CE0C-4A37-A4F6-41521247DAEA}.Debug|x86.Build.0 = Debug|x86
		{8E8191F2-CE0C-4A37-A4F6-41521247DAEA}.Release|Any CPU.ActiveCfg = Release|x86
		{8E8191F2-CE0C-4A37-A4F6-41521247DAEA}.Release|x86.ActiveCfg = Release|x86
		{8E8191F2-CE0C-4A37-A4F6-41521247DAEA}.Release|x86.Build.0 = Release|x86
		{8E07BB6C-B79E-4D4E-B11F-3A6183062867}.Debug|Any CPU.ActiveCfg = Debug|x86
		{8E07BB6C-B79E-4D4E-B11F-3A6183062867}.Debug|x86.ActiveCfg = Debug|x86
		{8E07BB6C-B79E-4D4E-B11F-3A6183062867}.Debug|x86.Build.0 = Debug|x86
		{8E07BB6C-B79E-4D4E-B11F-3A6183062867}.Release|Any CPU.ActiveCfg = Release|x86
		{8E07BB6C-B79E-4D4E-B11F-3A6183062867}.Release|x86.ActiveCfg = Release|x86
		{8E07BB6C-B79E-4D4E-B11F-3A6183062867}.Release|x86.Build.0 = Release|x86
		{8FF3EF11-31CF-43B7-9039-C26753A394E2}.Debug|Any CPU.ActiveCfg = Debug|x86
		{8FF3EF11-31CF-43B7-9039-C26753A394E2}.Debug|x86.ActiveCfg = Debug|x86
		{8FF3EF11-31CF-43B7-9039-C26753A394E2}.Debug|x86.Build.0 = Debug|x86
		{8FF3EF11-31CF-43B7-9039-C26753A394E2}.Release|Any CPU.ActiveCfg = Release|x86
		{8FF3EF11-31CF-43B7-9039-C26753A394E2}.Release|x86.ActiveCfg = Release|x86
		{8FF3EF11-31CF-43B7-9039-C26753A394E2}.Release|x86.Build.0 = Release|x86
		{DDC64184-3DE8-46BA-BFF2-37FABA6060AF}.Debug|Any CPU.ActiveCfg = Debug|x86
		{DDC64184-3DE8-46BA-BFF2-37FABA6060AF}.Debug|x86.ActiveCfg = Debug|x86
		{DDC64184-3DE8-46BA-BFF2-37FABA6060AF}.Debug|x86.Build.0 = Debug|x86
		{DDC64184-3DE8-46BA-BFF2-37FABA6060AF}.Release|Any CPU.ActiveCfg = Release|x86
		{DDC64184-3DE8-46BA-BFF2-37FABA6060AF}.Release|x86.ActiveCfg = Release|x86
		{DDC64184-3DE8-46BA-BFF2-37FABA6060AF}.Release|x86.Build.0 = Release|x86
		{F3822455-A4AB-4AFA-9C68-29FFEE5C6536}.Debug|Any CPU.ActiveCfg = Debug|x86
		{F3822455-A4AB-4AFA-9C68-29FFEE5C6536}.Debug|x86.ActiveCfg = Debug|x86
		{F3822455-A4AB-4AFA-9C68-29FFEE5C6536}.Debug|x86.Build.0 = Debug|x86
		{F3822455-A4AB-4AFA-9C68-29FFEE5C6536}.Release|Any CPU.ActiveCfg = Release|x86
		{F3822455-A4AB-4AFA-9C68-29FFEE5C6536}.Release|x86.ActiveCfg = Release|x86
		{F3822455-A4AB-4AFA-9C68-29FFEE5C6536}.Release|x86.Build.0 = Release|x86
		{DE995E2E-7912-4938-A30C-EC1F60C5AF5C}.Debug|Any CPU.ActiveCfg = Debug|x86
		{DE995E2E-7912-4938-A30C-EC1F60C5AF5C}.Debug|x86.ActiveCfg = Debug|x86
		{DE995E2E-7912-4938-A30C-EC1F60C5AF5C}.Debug|x86.Build.0 = Debug|x86
		{DE995E2E-7912-4938-A30C-EC1F60C5AF5C}.Release|Any CPU.ActiveCfg = Release|x86
		{DE995E2E-7912-4938-A30C-EC1F60C5AF5C}.Release|x86.ActiveCfg = Release|x86
		{DE995E2E-7912-4938-A30C-EC1F60C5AF5C}.Release|x86.Build.0 = Release|x86
		{B9887D09-4A80-40EA-8BD8-FBB26B7C7824}.Debug|Any CPU.ActiveCfg = Debug|x86
		{B9887D09-4A80-40EA-8BD8-FBB26B7C7824}.Debug|x86.ActiveCfg = Debug|x86
		{B9887D09-4A80-40EA-8BD8-FBB26B7C7824}.Debug|x86.Build.0 = Debug|x86
		{B9887D09-4A80-40EA-8BD8-FBB26B7C7824}.Release|Any CPU.ActiveCfg = Release|x86
		{B9887D09-4A80-40EA-8BD8-FBB26B7C7824}.Release|x86.ActiveCfg = Release|x86
		{B9887D09-4A80-40EA-8BD8-FBB26B7C7824}.Release|x86.Build.0 = Release|x86
		{A2B0C405-EC9F-4112-8E97-2D4AFDE65EC2}.Debug|Any CPU.ActiveCfg = Debug|x86
		{A2B0C405-EC9F-4112-8E97-2D4AFDE65EC2}.Debug|x86.ActiveCfg = Debug|x86
		{A2B0C405-EC9F-4112-8E97-2D4AFDE65EC2}.Debug|x86.Build.0 = Debug|x86
		{A2B0C405-EC9F-4112-8E97-2D4AFDE65EC2}.Release|Any CPU.ActiveCfg = Release|x86
		{A2B0C405-EC9F-4112-8E97-2D4AFDE65EC2}.Release|x86.ActiveCfg = Release|x86
		{A2B0C405-EC9F-4112-8E97-2D4AFDE65EC2}.Release|x86.Build.0 = Release|x86
		{201B91B9-EB8A-4A35-932E-2A1D9DE9144D}.Debug|Any CPU.ActiveCfg = Debug|x86
		{201B91B9-EB8A-4A35-932E-2A1D9DE9144D}.Debug|x86.ActiveCfg = Debug|x86
		{201B91B9-EB8A-4A35-932E-2A1D9DE9144D}.Debug|x86.Build.0 = Debug|x86
		{201B91B9-EB8A-4A35-932E-2A1D9DE9144D}.Release|Any CPU.ActiveCfg = Release|x86
		{201B91B9-EB8A-4A35-932E-2A1D9DE9144D}.Release|x86.ActiveCfg = Release|x86
		{201B91B9-EB8A-4A35-932E-2A1D9DE9144D}.Release|x86.Build.0 = Release|x86
		{49589524-5C9E-4C26-A57D-C8F57CAA1115}.Debug|Any CPU.ActiveCfg = Debug|x86
		{49589524-5C9E-4C26-A57D-C8F57CAA1115}.Debug|x86.ActiveCfg = Debug|x86
		{49589524-5C9E-4C26-A57D-C8F57CAA1115}.Debug|x86.Build.0 = Debug|x86
		{49589524-5C9E-4C26-A57D-C8F57CAA1115}.Release|Any CPU.ActiveCfg = Release|x86
		{49589524-5C9E-4C26-A57D-C8F57CAA1115}.Release|x86.ActiveCfg = Release|x86
		{49589524-5C9E-4C26-A57D-C8F57CAA1115}.Release|x86.Build.0 = Release|x86
		{F348CA8D-0692-40E7-8F88-E8EB8435EBF2}.Debug|Any CPU.ActiveCfg = Debug|x86
		{F348CA8D-0692-40E7-8F88-E8EB8435EBF2}.Debug|x86.ActiveCfg = Debug|x86
		{F348CA8D-0692-40E7-8F88-E8EB8435EBF2}.Debug|x86.Build.0 = Debug|x86
		{F348CA8D-0692-40E7-8F88-E8EB8435EBF2}.Release|Any CPU.ActiveCfg = Release|x86
		{F348CA8D-0692-40E7-8F88-E8EB8435EBF2}.Release|x86.ActiveCfg = Release|x86
		{F348CA8D-0692-40E7-8F88-E8EB8435EBF2}.Release|x86.Build.0 = Release|x86
		{EFF2A500-FD1B-48E6-B8B4-267AFFFE5B77}.Debug|Any CPU.ActiveCfg = Debug|x86
		{EFF2A500-FD1B-48E6-B8B4-267AFFFE5B77}.Debug|x86.ActiveCfg = Debug|x86
		{EFF2A500-FD1B-48E6-B8B4-267AFFFE5B77}.Debug|x86.Build.0 = Debug|x86
		{EFF2A500-FD1B-48E6-B8B4-267AFFFE5B77}.Release|Any CPU.ActiveCfg = Release|x86
		{EFF2A500-FD1B-48E6-B8B4-267AFFFE5B77}.Release|x86.ActiveCfg = Release|x86
		{EFF2A500-FD1B-48E6-B8B4-267AFFFE5B77}.Release|x86.Build.0 = Release|x86
		{F6BD3B0C-FC6B-4C61-932E-943A2D206088}.Debug|Any CPU.ActiveCfg = Debug|Any CPU
		{F6BD3B0C-FC6B-4C61-932E-943A2D206088}.Debug|Any CPU.Build.0 = Debug|Any CPU
		{F6BD3B0C-FC6B-4C61-932E-943A2D206088}.Debug|x86.ActiveCfg = Debug|Any CPU
		{F6BD3B0C-FC6B-4C61-932E-943A2D206088}.Debug|x86.Build.0 = Debug|Any CPU
		{F6BD3B0C-FC6B-4C61-932E-943A2D206088}.Release|Any CPU.ActiveCfg = Release|Any CPU
		{F6BD3B0C-FC6B-4C61-932E-943A2D206088}.Release|Any CPU.Build.0 = Release|Any CPU
		{F6BD3B0C-FC6B-4C61-932E-943A2D206088}.Release|x86.ActiveCfg = Release|Any CPU
		{F6BD3B0C-FC6B-4C61-932E-943A2D206088}.Release|x86.Build.0 = Release|Any CPU
		{6098DDB4-B1F0-486A-A98F-E3B824FCE258}.Debug|Any CPU.ActiveCfg = Debug|Any CPU
		{6098DDB4-B1F0-486A-A98F-E3B824FCE258}.Debug|Any CPU.Build.0 = Debug|Any CPU
		{6098DDB4-B1F0-486A-A98F-E3B824FCE258}.Debug|x86.ActiveCfg = Debug|Any CPU
		{6098DDB4-B1F0-486A-A98F-E3B824FCE258}.Debug|x86.Build.0 = Debug|Any CPU
		{6098DDB4-B1F0-486A-A98F-E3B824FCE258}.Release|Any CPU.ActiveCfg = Release|Any CPU
		{6098DDB4-B1F0-486A-A98F-E3B824FCE258}.Release|Any CPU.Build.0 = Release|Any CPU
		{6098DDB4-B1F0-486A-A98F-E3B824FCE258}.Release|x86.ActiveCfg = Release|Any CPU
		{6098DDB4-B1F0-486A-A98F-E3B824FCE258}.Release|x86.Build.0 = Release|Any CPU
		{F7513E36-C548-4C31-80BD-F7656AB20CDB}.Debug|Any CPU.ActiveCfg = Debug|Any CPU
		{F7513E36-C548-4C31-80BD-F7656AB20CDB}.Debug|Any CPU.Build.0 = Debug|Any CPU
		{F7513E36-C548-4C31-80BD-F7656AB20CDB}.Debug|x86.ActiveCfg = Debug|Any CPU
		{F7513E36-C548-4C31-80BD-F7656AB20CDB}.Debug|x86.Build.0 = Debug|Any CPU
		{F7513E36-C548-4C31-80BD-F7656AB20CDB}.Release|Any CPU.ActiveCfg = Release|Any CPU
		{F7513E36-C548-4C31-80BD-F7656AB20CDB}.Release|Any CPU.Build.0 = Release|Any CPU
		{F7513E36-C548-4C31-80BD-F7656AB20CDB}.Release|x86.ActiveCfg = Release|Any CPU
		{F7513E36-C548-4C31-80BD-F7656AB20CDB}.Release|x86.Build.0 = Release|Any CPU
	EndGlobalSection
	GlobalSection(SolutionProperties) = preSolution
		HideSolutionNode = FALSE
	EndGlobalSection
	GlobalSection(ExtensibilityGlobals) = postSolution
		SolutionGuid = {FBEC1BA2-41C7-444C-A054-92DFE41496EA}
	EndGlobalSection
EndGlobal
