
Microsoft Visual Studio Solution File, Format Version 12.00
# Visual Studio 15
VisualStudioVersion = 15.0.27004.2002
MinimumVisualStudioVersion = 10.0.40219.1
Project("{FAE04EC0-301F-11D3-BF4B-00C04F79EFBC}") = "001_If", "Condition\001_If.csproj", "{5F0FAFE2-8F76-4051-880C-BB6D807F2E66}"
EndProject
Project("{FAE04EC0-301F-11D3-BF4B-00C04F79EFBC}") = "002_If-else", "Condition2\002_If-else.csproj", "{0BABAC66-A531-47FF-A422-6C75198B094E}"
EndProject
Project("{FAE04EC0-301F-11D3-BF4B-00C04F79EFBC}") = "003_If-else", "Condition3\003_If-else.csproj", "{50BB5C84-E6AD-4CAC-993C-77EA6B9A0877}"
EndProject
Project("{FAE04EC0-301F-11D3-BF4B-00C04F79EFBC}") = "004_If-else", "Condition4\004_If-else.csproj", "{B905679F-0F79-438C-A48E-66E140FA296B}"
EndProject
Project("{FAE04EC0-301F-11D3-BF4B-00C04F79EFBC}") = "005_Authentication", "Authentication\005_Authentication.csproj", "{5C0FAB7A-FC97-4E33-ADCF-EAE27D811938}"
EndProject
Project("{FAE04EC0-301F-11D3-BF4B-00C04F79EFBC}") = "006_Ternary", "Condition6\006_Ternary.csproj", "{F8C6B4F4-988D-40C1-8024-0DEABDE2E1E4}"
EndProject
Project("{FAE04EC0-301F-11D3-BF4B-00C04F79EFBC}") = "008_Ternary", "Condition7\008_Ternary.csproj", "{08C7A74E-D275-40CB-BA23-E69012CC9F30}"
EndProject
Project("{FAE04EC0-301F-11D3-BF4B-00C04F79EFBC}") = "009_Ternary", "Condition8\009_Ternary.csproj", "{DE84623A-0E6C-4605-9DA1-E0C925828105}"
EndProject
Project("{FAE04EC0-301F-11D3-BF4B-00C04F79EFBC}") = "010_Ternary", "Condition9\010_Ternary.csproj", "{15033743-6359-4000-8025-5E30161707EC}"
EndProject
Project("{FAE04EC0-301F-11D3-BF4B-00C04F79EFBC}") = "011_Ternary", "Condition10\011_Ternary.csproj", "{84875017-5AFE-427B-9EBE-30560C35B087}"
EndProject
Project("{FAE04EC0-301F-11D3-BF4B-00C04F79EFBC}") = "007_Ternary", "Condition5\007_Ternary.csproj", "{6A7D5D65-A3D6-4700-90E7-640A712B7F66}"
EndProject
Project("{FAE04EC0-301F-11D3-BF4B-00C04F79EFBC}") = "012_Switch", "Condition12\012_Switch.csproj", "{ADCE0E3F-285C-47AD-9CCC-EDA41A2A354F}"
EndProject
Project("{FAE04EC0-301F-11D3-BF4B-00C04F79EFBC}") = "013_Switch", "Condition13\013_Switch.csproj", "{F7ABC7DB-938C-457F-87D0-8F9292D5F07E}"
EndProject
Project("{FAE04EC0-301F-11D3-BF4B-00C04F79EFBC}") = "014_Switch", "Condition14\014_Switch.csproj", "{BF541C26-1803-4CE5-9CDE-BBEFB1D35401}"
EndProject
Project("{FAE04EC0-301F-11D3-BF4B-00C04F79EFBC}") = "015_CoffeeMaker", "Condition15\015_CoffeeMaker.csproj", "{C934A194-2311-4C03-A25D-EAEF67057190}"
EndProject
Project("{FAE04EC0-301F-11D3-BF4B-00C04F79EFBC}") = "HomeWork_4_1", "HomeWork_4_1\HomeWork_4_1.csproj", "{652732B5-064F-49C9-BF95-34327ECA3283}"
EndProject
Project("{FAE04EC0-301F-11D3-BF4B-00C04F79EFBC}") = "HomeWork_4_2", "HomeWork_4_2\HomeWork_4_2.csproj", "{8DA135F1-70C3-457D-8919-DD71FBCFD035}"
EndProject
Project("{FAE04EC0-301F-11D3-BF4B-00C04F79EFBC}") = "HomeWork_4_Dop", "HomeWork_4_Dop\HomeWork_4_Dop.csproj", "{36E8B9C6-DF2C-46E3-8689-EF7DC7372BF3}"
EndProject
Global
	GlobalSection(SolutionConfigurationPlatforms) = preSolution
		Debug|Any CPU = Debug|Any CPU
		Debug|x86 = Debug|x86
		Release|Any CPU = Release|Any CPU
		Release|x86 = Release|x86
	EndGlobalSection
	GlobalSection(ProjectConfigurationPlatforms) = postSolution
		{5F0FAFE2-8F76-4051-880C-BB6D807F2E66}.Debug|Any CPU.ActiveCfg = Debug|x86
		{5F0FAFE2-8F76-4051-880C-BB6D807F2E66}.Debug|x86.ActiveCfg = Debug|x86
		{5F0FAFE2-8F76-4051-880C-BB6D807F2E66}.Debug|x86.Build.0 = Debug|x86
		{5F0FAFE2-8F76-4051-880C-BB6D807F2E66}.Release|Any CPU.ActiveCfg = Release|x86
		{5F0FAFE2-8F76-4051-880C-BB6D807F2E66}.Release|x86.ActiveCfg = Release|x86
		{5F0FAFE2-8F76-4051-880C-BB6D807F2E66}.Release|x86.Build.0 = Release|x86
		{0BABAC66-A531-47FF-A422-6C75198B094E}.Debug|Any CPU.ActiveCfg = Debug|x86
		{0BABAC66-A531-47FF-A422-6C75198B094E}.Debug|x86.ActiveCfg = Debug|x86
		{0BABAC66-A531-47FF-A422-6C75198B094E}.Debug|x86.Build.0 = Debug|x86
		{0BABAC66-A531-47FF-A422-6C75198B094E}.Release|Any CPU.ActiveCfg = Release|x86
		{0BABAC66-A531-47FF-A422-6C75198B094E}.Release|x86.ActiveCfg = Release|x86
		{0BABAC66-A531-47FF-A422-6C75198B094E}.Release|x86.Build.0 = Release|x86
		{50BB5C84-E6AD-4CAC-993C-77EA6B9A0877}.Debug|Any CPU.ActiveCfg = Debug|x86
		{50BB5C84-E6AD-4CAC-993C-77EA6B9A0877}.Debug|x86.ActiveCfg = Debug|x86
		{50BB5C84-E6AD-4CAC-993C-77EA6B9A0877}.Debug|x86.Build.0 = Debug|x86
		{50BB5C84-E6AD-4CAC-993C-77EA6B9A0877}.Release|Any CPU.ActiveCfg = Release|x86
		{50BB5C84-E6AD-4CAC-993C-77EA6B9A0877}.Release|x86.ActiveCfg = Release|x86
		{50BB5C84-E6AD-4CAC-993C-77EA6B9A0877}.Release|x86.Build.0 = Release|x86
		{B905679F-0F79-438C-A48E-66E140FA296B}.Debug|Any CPU.ActiveCfg = Debug|x86
		{B905679F-0F79-438C-A48E-66E140FA296B}.Debug|x86.ActiveCfg = Debug|x86
		{B905679F-0F79-438C-A48E-66E140FA296B}.Debug|x86.Build.0 = Debug|x86
		{B905679F-0F79-438C-A48E-66E140FA296B}.Release|Any CPU.ActiveCfg = Release|x86
		{B905679F-0F79-438C-A48E-66E140FA296B}.Release|x86.ActiveCfg = Release|x86
		{B905679F-0F79-438C-A48E-66E140FA296B}.Release|x86.Build.0 = Release|x86
		{5C0FAB7A-FC97-4E33-ADCF-EAE27D811938}.Debug|Any CPU.ActiveCfg = Debug|x86
		{5C0FAB7A-FC97-4E33-ADCF-EAE27D811938}.Debug|x86.ActiveCfg = Debug|x86
		{5C0FAB7A-FC97-4E33-ADCF-EAE27D811938}.Debug|x86.Build.0 = Debug|x86
		{5C0FAB7A-FC97-4E33-ADCF-EAE27D811938}.Release|Any CPU.ActiveCfg = Release|x86
		{5C0FAB7A-FC97-4E33-ADCF-EAE27D811938}.Release|x86.ActiveCfg = Release|x86
		{5C0FAB7A-FC97-4E33-ADCF-EAE27D811938}.Release|x86.Build.0 = Release|x86
		{F8C6B4F4-988D-40C1-8024-0DEABDE2E1E4}.Debug|Any CPU.ActiveCfg = Debug|x86
		{F8C6B4F4-988D-40C1-8024-0DEABDE2E1E4}.Debug|x86.ActiveCfg = Debug|x86
		{F8C6B4F4-988D-40C1-8024-0DEABDE2E1E4}.Debug|x86.Build.0 = Debug|x86
		{F8C6B4F4-988D-40C1-8024-0DEABDE2E1E4}.Release|Any CPU.ActiveCfg = Release|x86
		{F8C6B4F4-988D-40C1-8024-0DEABDE2E1E4}.Release|x86.ActiveCfg = Release|x86
		{F8C6B4F4-988D-40C1-8024-0DEABDE2E1E4}.Release|x86.Build.0 = Release|x86
		{08C7A74E-D275-40CB-BA23-E69012CC9F30}.Debug|Any CPU.ActiveCfg = Debug|x86
		{08C7A74E-D275-40CB-BA23-E69012CC9F30}.Debug|x86.ActiveCfg = Debug|x86
		{08C7A74E-D275-40CB-BA23-E69012CC9F30}.Debug|x86.Build.0 = Debug|x86
		{08C7A74E-D275-40CB-BA23-E69012CC9F30}.Release|Any CPU.ActiveCfg = Release|x86
		{08C7A74E-D275-40CB-BA23-E69012CC9F30}.Release|x86.ActiveCfg = Release|x86
		{08C7A74E-D275-40CB-BA23-E69012CC9F30}.Release|x86.Build.0 = Release|x86
		{DE84623A-0E6C-4605-9DA1-E0C925828105}.Debug|Any CPU.ActiveCfg = Debug|x86
		{DE84623A-0E6C-4605-9DA1-E0C925828105}.Debug|x86.ActiveCfg = Debug|x86
		{DE84623A-0E6C-4605-9DA1-E0C925828105}.Debug|x86.Build.0 = Debug|x86
		{DE84623A-0E6C-4605-9DA1-E0C925828105}.Release|Any CPU.ActiveCfg = Release|x86
		{DE84623A-0E6C-4605-9DA1-E0C925828105}.Release|x86.ActiveCfg = Release|x86
		{DE84623A-0E6C-4605-9DA1-E0C925828105}.Release|x86.Build.0 = Release|x86
		{15033743-6359-4000-8025-5E30161707EC}.Debug|Any CPU.ActiveCfg = Debug|x86
		{15033743-6359-4000-8025-5E30161707EC}.Debug|x86.ActiveCfg = Debug|x86
		{15033743-6359-4000-8025-5E30161707EC}.Debug|x86.Build.0 = Debug|x86
		{15033743-6359-4000-8025-5E30161707EC}.Release|Any CPU.ActiveCfg = Release|x86
		{15033743-6359-4000-8025-5E30161707EC}.Release|x86.ActiveCfg = Release|x86
		{15033743-6359-4000-8025-5E30161707EC}.Release|x86.Build.0 = Release|x86
		{84875017-5AFE-427B-9EBE-30560C35B087}.Debug|Any CPU.ActiveCfg = Debug|x86
		{84875017-5AFE-427B-9EBE-30560C35B087}.Debug|x86.ActiveCfg = Debug|x86
		{84875017-5AFE-427B-9EBE-30560C35B087}.Debug|x86.Build.0 = Debug|x86
		{84875017-5AFE-427B-9EBE-30560C35B087}.Release|Any CPU.ActiveCfg = Release|x86
		{84875017-5AFE-427B-9EBE-30560C35B087}.Release|x86.ActiveCfg = Release|x86
		{84875017-5AFE-427B-9EBE-30560C35B087}.Release|x86.Build.0 = Release|x86
		{6A7D5D65-A3D6-4700-90E7-640A712B7F66}.Debug|Any CPU.ActiveCfg = Debug|x86
		{6A7D5D65-A3D6-4700-90E7-640A712B7F66}.Debug|x86.ActiveCfg = Debug|x86
		{6A7D5D65-A3D6-4700-90E7-640A712B7F66}.Debug|x86.Build.0 = Debug|x86
		{6A7D5D65-A3D6-4700-90E7-640A712B7F66}.Release|Any CPU.ActiveCfg = Release|x86
		{6A7D5D65-A3D6-4700-90E7-640A712B7F66}.Release|x86.ActiveCfg = Release|x86
		{6A7D5D65-A3D6-4700-90E7-640A712B7F66}.Release|x86.Build.0 = Release|x86
		{ADCE0E3F-285C-47AD-9CCC-EDA41A2A354F}.Debug|Any CPU.ActiveCfg = Debug|x86
		{ADCE0E3F-285C-47AD-9CCC-EDA41A2A354F}.Debug|x86.ActiveCfg = Debug|x86
		{ADCE0E3F-285C-47AD-9CCC-EDA41A2A354F}.Debug|x86.Build.0 = Debug|x86
		{ADCE0E3F-285C-47AD-9CCC-EDA41A2A354F}.Release|Any CPU.ActiveCfg = Release|x86
		{ADCE0E3F-285C-47AD-9CCC-EDA41A2A354F}.Release|x86.ActiveCfg = Release|x86
		{ADCE0E3F-285C-47AD-9CCC-EDA41A2A354F}.Release|x86.Build.0 = Release|x86
		{F7ABC7DB-938C-457F-87D0-8F9292D5F07E}.Debug|Any CPU.ActiveCfg = Debug|x86
		{F7ABC7DB-938C-457F-87D0-8F9292D5F07E}.Debug|x86.ActiveCfg = Debug|x86
		{F7ABC7DB-938C-457F-87D0-8F9292D5F07E}.Debug|x86.Build.0 = Debug|x86
		{F7ABC7DB-938C-457F-87D0-8F9292D5F07E}.Release|Any CPU.ActiveCfg = Release|x86
		{F7ABC7DB-938C-457F-87D0-8F9292D5F07E}.Release|x86.ActiveCfg = Release|x86
		{F7ABC7DB-938C-457F-87D0-8F9292D5F07E}.Release|x86.Build.0 = Release|x86
		{BF541C26-1803-4CE5-9CDE-BBEFB1D35401}.Debug|Any CPU.ActiveCfg = Debug|x86
		{BF541C26-1803-4CE5-9CDE-BBEFB1D35401}.Debug|x86.ActiveCfg = Debug|x86
		{BF541C26-1803-4CE5-9CDE-BBEFB1D35401}.Debug|x86.Build.0 = Debug|x86
		{BF541C26-1803-4CE5-9CDE-BBEFB1D35401}.Release|Any CPU.ActiveCfg = Release|x86
		{BF541C26-1803-4CE5-9CDE-BBEFB1D35401}.Release|x86.ActiveCfg = Release|x86
		{BF541C26-1803-4CE5-9CDE-BBEFB1D35401}.Release|x86.Build.0 = Release|x86
		{C934A194-2311-4C03-A25D-EAEF67057190}.Debug|Any CPU.ActiveCfg = Debug|x86
		{C934A194-2311-4C03-A25D-EAEF67057190}.Debug|x86.ActiveCfg = Debug|x86
		{C934A194-2311-4C03-A25D-EAEF67057190}.Debug|x86.Build.0 = Debug|x86
		{C934A194-2311-4C03-A25D-EAEF67057190}.Release|Any CPU.ActiveCfg = Release|x86
		{C934A194-2311-4C03-A25D-EAEF67057190}.Release|x86.ActiveCfg = Release|x86
		{C934A194-2311-4C03-A25D-EAEF67057190}.Release|x86.Build.0 = Release|x86
		{652732B5-064F-49C9-BF95-34327ECA3283}.Debug|Any CPU.ActiveCfg = Debug|Any CPU
		{652732B5-064F-49C9-BF95-34327ECA3283}.Debug|Any CPU.Build.0 = Debug|Any CPU
		{652732B5-064F-49C9-BF95-34327ECA3283}.Debug|x86.ActiveCfg = Debug|Any CPU
		{652732B5-064F-49C9-BF95-34327ECA3283}.Debug|x86.Build.0 = Debug|Any CPU
		{652732B5-064F-49C9-BF95-34327ECA3283}.Release|Any CPU.ActiveCfg = Release|Any CPU
		{652732B5-064F-49C9-BF95-34327ECA3283}.Release|Any CPU.Build.0 = Release|Any CPU
		{652732B5-064F-49C9-BF95-34327ECA3283}.Release|x86.ActiveCfg = Release|Any CPU
		{652732B5-064F-49C9-BF95-34327ECA3283}.Release|x86.Build.0 = Release|Any CPU
		{8DA135F1-70C3-457D-8919-DD71FBCFD035}.Debug|Any CPU.ActiveCfg = Debug|Any CPU
		{8DA135F1-70C3-457D-8919-DD71FBCFD035}.Debug|Any CPU.Build.0 = Debug|Any CPU
		{8DA135F1-70C3-457D-8919-DD71FBCFD035}.Debug|x86.ActiveCfg = Debug|Any CPU
		{8DA135F1-70C3-457D-8919-DD71FBCFD035}.Debug|x86.Build.0 = Debug|Any CPU
		{8DA135F1-70C3-457D-8919-DD71FBCFD035}.Release|Any CPU.ActiveCfg = Release|Any CPU
		{8DA135F1-70C3-457D-8919-DD71FBCFD035}.Release|Any CPU.Build.0 = Release|Any CPU
		{8DA135F1-70C3-457D-8919-DD71FBCFD035}.Release|x86.ActiveCfg = Release|Any CPU
		{8DA135F1-70C3-457D-8919-DD71FBCFD035}.Release|x86.Build.0 = Release|Any CPU
		{36E8B9C6-DF2C-46E3-8689-EF7DC7372BF3}.Debug|Any CPU.ActiveCfg = Debug|Any CPU
		{36E8B9C6-DF2C-46E3-8689-EF7DC7372BF3}.Debug|Any CPU.Build.0 = Debug|Any CPU
		{36E8B9C6-DF2C-46E3-8689-EF7DC7372BF3}.Debug|x86.ActiveCfg = Debug|Any CPU
		{36E8B9C6-DF2C-46E3-8689-EF7DC7372BF3}.Debug|x86.Build.0 = Debug|Any CPU
		{36E8B9C6-DF2C-46E3-8689-EF7DC7372BF3}.Release|Any CPU.ActiveCfg = Release|Any CPU
		{36E8B9C6-DF2C-46E3-8689-EF7DC7372BF3}.Release|Any CPU.Build.0 = Release|Any CPU
		{36E8B9C6-DF2C-46E3-8689-EF7DC7372BF3}.Release|x86.ActiveCfg = Release|Any CPU
		{36E8B9C6-DF2C-46E3-8689-EF7DC7372BF3}.Release|x86.Build.0 = Release|Any CPU
	EndGlobalSection
	GlobalSection(SolutionProperties) = preSolution
		HideSolutionNode = FALSE
	EndGlobalSection
	GlobalSection(ExtensibilityGlobals) = postSolution
		SolutionGuid = {4906C57E-9180-4FB3-AE9B-DC85B9EE42E6}
	EndGlobalSection
EndGlobal
