
Microsoft Visual Studio Solution File, Format Version 12.00
# Visual Studio 15
VisualStudioVersion = 15.0.27004.2002
MinimumVisualStudioVersion = 10.0.40219.1
Project("{FAE04EC0-301F-11D3-BF4B-00C04F79EFBC}") = "001_Constant", "Constant\001_Constant.csproj", "{261A5F63-7100-4C18-BE08-113019401EC4}"
EndProject
Project("{FAE04EC0-301F-11D3-BF4B-00C04F79EFBC}") = "002_Casting", "Casting\002_Casting.csproj", "{EDF00580-B4C1-4C8D-8998-FF8DD0A6A4FB}"
EndProject
Project("{FAE04EC0-301F-11D3-BF4B-00C04F79EFBC}") = "003_Arithmetic", "Arithmetic\003_Arithmetic.csproj", "{5E12BA12-64FF-4865-AE44-9FD325A59EE4}"
EndProject
Project("{FAE04EC0-301F-11D3-BF4B-00C04F79EFBC}") = "007_IncDec", "IncDec\007_IncDec.csproj", "{AD95B16E-ECFF-462B-BBAB-3B107D948D21}"
EndProject
Project("{FAE04EC0-301F-11D3-BF4B-00C04F79EFBC}") = "006_Comparison", "Comparison\006_Comparison.csproj", "{6BD4037A-EDE2-4159-A854-C7E5B4B3539E}"
EndProject
Project("{FAE04EC0-301F-11D3-BF4B-00C04F79EFBC}") = "008_Assignment", "Assignment\008_Assignment.csproj", "{028617B8-9540-43DB-8CAD-9CECBACFA463}"
EndProject
Project("{FAE04EC0-301F-11D3-BF4B-00C04F79EFBC}") = "009_LocalVariables", "LocalVariables\009_LocalVariables.csproj", "{381CB5A5-621C-4317-A313-FF4B6971C6E9}"
EndProject
Project("{FAE04EC0-301F-11D3-BF4B-00C04F79EFBC}") = "010_At", "At\010_At.csproj", "{BBA3FA52-0EF8-4067-BA50-A6E9662924AF}"
EndProject
Project("{FAE04EC0-301F-11D3-BF4B-00C04F79EFBC}") = "011_Checked", "Checked\011_Checked.csproj", "{537F3127-678A-4910-9E4E-8FE9E712A220}"
EndProject
Project("{FAE04EC0-301F-11D3-BF4B-00C04F79EFBC}") = "012_UnChecked", "UnChecked\012_UnChecked.csproj", "{7F120CC4-29A9-49A3-B509-A7AFBC886238}"
EndProject
Project("{FAE04EC0-301F-11D3-BF4B-00C04F79EFBC}") = "013_CheckedUnChecked", "CheckedUnChecked\013_CheckedUnChecked.csproj", "{F3D8E6A0-EFB6-4A93-8374-4D32B43BF2E1}"
EndProject
Project("{FAE04EC0-301F-11D3-BF4B-00C04F79EFBC}") = "014_Concatenation", "Concatenation\014_Concatenation.csproj", "{AE0C12A8-6BEC-4354-A96C-4FEE4B148995}"
EndProject
Project("{FAE04EC0-301F-11D3-BF4B-00C04F79EFBC}") = "015_StringFormat", "StringFormat\015_StringFormat.csproj", "{D5A241EB-3C83-44D0-A491-898B475DF4E5}"
EndProject
Project("{FAE04EC0-301F-11D3-BF4B-00C04F79EFBC}") = "017_Sizeof", "Sizeof\017_Sizeof.csproj", "{8FB3EB6F-2B6A-475B-BAEB-67F34E60F1EB}"
EndProject
Project("{FAE04EC0-301F-11D3-BF4B-00C04F79EFBC}") = "018_Var", "Var\018_Var.csproj", "{8AF657C2-18E0-45F1-8232-9E28755CABBE}"
EndProject
Project("{FAE04EC0-301F-11D3-BF4B-00C04F79EFBC}") = "016_FlagFormating", "FlagFormating\016_FlagFormating.csproj", "{9D2C4202-8F4B-4F36-85D4-9F94014C7E37}"
EndProject
Project("{FAE04EC0-301F-11D3-BF4B-00C04F79EFBC}") = "019_Comparison", "Comparison2\019_Comparison.csproj", "{B5B4C215-49FB-4775-A046-DBD9F1D47A86}"
EndProject
Project("{FAE04EC0-301F-11D3-BF4B-00C04F79EFBC}") = "004_MathPow", "MathPow\004_MathPow.csproj", "{14AD5421-3BDE-41C8-9693-7F7D66849DA3}"
EndProject
Project("{FAE04EC0-301F-11D3-BF4B-00C04F79EFBC}") = "005_MathSqrt", "MathSqrt\005_MathSqrt.csproj", "{D92690E9-BFAC-47F8-8947-670CBA0E67E1}"
EndProject
Project("{FAE04EC0-301F-11D3-BF4B-00C04F79EFBC}") = "HomeWork_3_1", "HomeWork_3_1\HomeWork_3_1.csproj", "{64838BB6-37B2-4C80-A132-C6EE3FE0050F}"
EndProject
Project("{FAE04EC0-301F-11D3-BF4B-00C04F79EFBC}") = "HomeWork_3_2", "HomeWork_3_2\HomeWork_3_2.csproj", "{2C71D6BB-33FD-4994-8E17-5348BA9B208B}"
EndProject
Project("{FAE04EC0-301F-11D3-BF4B-00C04F79EFBC}") = "HomeWork_3_3", "HomeWork_3_3\HomeWork_3_3.csproj", "{C258B218-F59F-4ECC-BAF6-ACA7B64BB1FA}"
EndProject
Project("{FAE04EC0-301F-11D3-BF4B-00C04F79EFBC}") = "HomeWork_3_4", "HomeWork_3_4\HomeWork_3_4.csproj", "{F958E310-037C-458A-8219-667874B0AFF8}"
EndProject
Project("{FAE04EC0-301F-11D3-BF4B-00C04F79EFBC}") = "HomeWork_3_5", "HomeWork_3_5\HomeWork_3_5.csproj", "{616F5C76-0CC9-4DFB-BEFD-CFACFA6F3F82}"
EndProject
Global
	GlobalSection(SolutionConfigurationPlatforms) = preSolution
		Debug|Any CPU = Debug|Any CPU
		Debug|x86 = Debug|x86
		Release|Any CPU = Release|Any CPU
		Release|x86 = Release|x86
	EndGlobalSection
	GlobalSection(ProjectConfigurationPlatforms) = postSolution
		{261A5F63-7100-4C18-BE08-113019401EC4}.Debug|Any CPU.ActiveCfg = Debug|x86
		{261A5F63-7100-4C18-BE08-113019401EC4}.Debug|x86.ActiveCfg = Debug|x86
		{261A5F63-7100-4C18-BE08-113019401EC4}.Debug|x86.Build.0 = Debug|x86
		{261A5F63-7100-4C18-BE08-113019401EC4}.Release|Any CPU.ActiveCfg = Release|x86
		{261A5F63-7100-4C18-BE08-113019401EC4}.Release|x86.ActiveCfg = Release|x86
		{261A5F63-7100-4C18-BE08-113019401EC4}.Release|x86.Build.0 = Release|x86
		{EDF00580-B4C1-4C8D-8998-FF8DD0A6A4FB}.Debug|Any CPU.ActiveCfg = Debug|x86
		{EDF00580-B4C1-4C8D-8998-FF8DD0A6A4FB}.Debug|x86.ActiveCfg = Debug|x86
		{EDF00580-B4C1-4C8D-8998-FF8DD0A6A4FB}.Debug|x86.Build.0 = Debug|x86
		{EDF00580-B4C1-4C8D-8998-FF8DD0A6A4FB}.Release|Any CPU.ActiveCfg = Release|x86
		{EDF00580-B4C1-4C8D-8998-FF8DD0A6A4FB}.Release|x86.ActiveCfg = Release|x86
		{EDF00580-B4C1-4C8D-8998-FF8DD0A6A4FB}.Release|x86.Build.0 = Release|x86
		{5E12BA12-64FF-4865-AE44-9FD325A59EE4}.Debug|Any CPU.ActiveCfg = Debug|x86
		{5E12BA12-64FF-4865-AE44-9FD325A59EE4}.Debug|x86.ActiveCfg = Debug|x86
		{5E12BA12-64FF-4865-AE44-9FD325A59EE4}.Debug|x86.Build.0 = Debug|x86
		{5E12BA12-64FF-4865-AE44-9FD325A59EE4}.Release|Any CPU.ActiveCfg = Release|x86
		{5E12BA12-64FF-4865-AE44-9FD325A59EE4}.Release|x86.ActiveCfg = Release|x86
		{5E12BA12-64FF-4865-AE44-9FD325A59EE4}.Release|x86.Build.0 = Release|x86
		{AD95B16E-ECFF-462B-BBAB-3B107D948D21}.Debug|Any CPU.ActiveCfg = Debug|x86
		{AD95B16E-ECFF-462B-BBAB-3B107D948D21}.Debug|x86.ActiveCfg = Debug|x86
		{AD95B16E-ECFF-462B-BBAB-3B107D948D21}.Debug|x86.Build.0 = Debug|x86
		{AD95B16E-ECFF-462B-BBAB-3B107D948D21}.Release|Any CPU.ActiveCfg = Release|x86
		{AD95B16E-ECFF-462B-BBAB-3B107D948D21}.Release|x86.ActiveCfg = Release|x86
		{AD95B16E-ECFF-462B-BBAB-3B107D948D21}.Release|x86.Build.0 = Release|x86
		{6BD4037A-EDE2-4159-A854-C7E5B4B3539E}.Debug|Any CPU.ActiveCfg = Debug|x86
		{6BD4037A-EDE2-4159-A854-C7E5B4B3539E}.Debug|x86.ActiveCfg = Debug|x86
		{6BD4037A-EDE2-4159-A854-C7E5B4B3539E}.Debug|x86.Build.0 = Debug|x86
		{6BD4037A-EDE2-4159-A854-C7E5B4B3539E}.Release|Any CPU.ActiveCfg = Release|x86
		{6BD4037A-EDE2-4159-A854-C7E5B4B3539E}.Release|x86.ActiveCfg = Release|x86
		{6BD4037A-EDE2-4159-A854-C7E5B4B3539E}.Release|x86.Build.0 = Release|x86
		{028617B8-9540-43DB-8CAD-9CECBACFA463}.Debug|Any CPU.ActiveCfg = Debug|x86
		{028617B8-9540-43DB-8CAD-9CECBACFA463}.Debug|x86.ActiveCfg = Debug|x86
		{028617B8-9540-43DB-8CAD-9CECBACFA463}.Debug|x86.Build.0 = Debug|x86
		{028617B8-9540-43DB-8CAD-9CECBACFA463}.Release|Any CPU.ActiveCfg = Release|x86
		{028617B8-9540-43DB-8CAD-9CECBACFA463}.Release|x86.ActiveCfg = Release|x86
		{028617B8-9540-43DB-8CAD-9CECBACFA463}.Release|x86.Build.0 = Release|x86
		{381CB5A5-621C-4317-A313-FF4B6971C6E9}.Debug|Any CPU.ActiveCfg = Debug|x86
		{381CB5A5-621C-4317-A313-FF4B6971C6E9}.Debug|x86.ActiveCfg = Debug|x86
		{381CB5A5-621C-4317-A313-FF4B6971C6E9}.Debug|x86.Build.0 = Debug|x86
		{381CB5A5-621C-4317-A313-FF4B6971C6E9}.Release|Any CPU.ActiveCfg = Release|x86
		{381CB5A5-621C-4317-A313-FF4B6971C6E9}.Release|x86.ActiveCfg = Release|x86
		{381CB5A5-621C-4317-A313-FF4B6971C6E9}.Release|x86.Build.0 = Release|x86
		{BBA3FA52-0EF8-4067-BA50-A6E9662924AF}.Debug|Any CPU.ActiveCfg = Debug|x86
		{BBA3FA52-0EF8-4067-BA50-A6E9662924AF}.Debug|x86.ActiveCfg = Debug|x86
		{BBA3FA52-0EF8-4067-BA50-A6E9662924AF}.Debug|x86.Build.0 = Debug|x86
		{BBA3FA52-0EF8-4067-BA50-A6E9662924AF}.Release|Any CPU.ActiveCfg = Release|x86
		{BBA3FA52-0EF8-4067-BA50-A6E9662924AF}.Release|x86.ActiveCfg = Release|x86
		{BBA3FA52-0EF8-4067-BA50-A6E9662924AF}.Release|x86.Build.0 = Release|x86
		{537F3127-678A-4910-9E4E-8FE9E712A220}.Debug|Any CPU.ActiveCfg = Debug|x86
		{537F3127-678A-4910-9E4E-8FE9E712A220}.Debug|x86.ActiveCfg = Debug|x86
		{537F3127-678A-4910-9E4E-8FE9E712A220}.Debug|x86.Build.0 = Debug|x86
		{537F3127-678A-4910-9E4E-8FE9E712A220}.Release|Any CPU.ActiveCfg = Release|x86
		{537F3127-678A-4910-9E4E-8FE9E712A220}.Release|x86.ActiveCfg = Release|x86
		{537F3127-678A-4910-9E4E-8FE9E712A220}.Release|x86.Build.0 = Release|x86
		{7F120CC4-29A9-49A3-B509-A7AFBC886238}.Debug|Any CPU.ActiveCfg = Debug|x86
		{7F120CC4-29A9-49A3-B509-A7AFBC886238}.Debug|x86.ActiveCfg = Debug|x86
		{7F120CC4-29A9-49A3-B509-A7AFBC886238}.Debug|x86.Build.0 = Debug|x86
		{7F120CC4-29A9-49A3-B509-A7AFBC886238}.Release|Any CPU.ActiveCfg = Release|x86
		{7F120CC4-29A9-49A3-B509-A7AFBC886238}.Release|x86.ActiveCfg = Release|x86
		{7F120CC4-29A9-49A3-B509-A7AFBC886238}.Release|x86.Build.0 = Release|x86
		{F3D8E6A0-EFB6-4A93-8374-4D32B43BF2E1}.Debug|Any CPU.ActiveCfg = Debug|x86
		{F3D8E6A0-EFB6-4A93-8374-4D32B43BF2E1}.Debug|x86.ActiveCfg = Debug|x86
		{F3D8E6A0-EFB6-4A93-8374-4D32B43BF2E1}.Debug|x86.Build.0 = Debug|x86
		{F3D8E6A0-EFB6-4A93-8374-4D32B43BF2E1}.Release|Any CPU.ActiveCfg = Release|x86
		{F3D8E6A0-EFB6-4A93-8374-4D32B43BF2E1}.Release|x86.ActiveCfg = Release|x86
		{F3D8E6A0-EFB6-4A93-8374-4D32B43BF2E1}.Release|x86.Build.0 = Release|x86
		{AE0C12A8-6BEC-4354-A96C-4FEE4B148995}.Debug|Any CPU.ActiveCfg = Debug|x86
		{AE0C12A8-6BEC-4354-A96C-4FEE4B148995}.Debug|x86.ActiveCfg = Debug|x86
		{AE0C12A8-6BEC-4354-A96C-4FEE4B148995}.Debug|x86.Build.0 = Debug|x86
		{AE0C12A8-6BEC-4354-A96C-4FEE4B148995}.Release|Any CPU.ActiveCfg = Release|x86
		{AE0C12A8-6BEC-4354-A96C-4FEE4B148995}.Release|x86.ActiveCfg = Release|x86
		{AE0C12A8-6BEC-4354-A96C-4FEE4B148995}.Release|x86.Build.0 = Release|x86
		{D5A241EB-3C83-44D0-A491-898B475DF4E5}.Debug|Any CPU.ActiveCfg = Debug|x86
		{D5A241EB-3C83-44D0-A491-898B475DF4E5}.Debug|x86.ActiveCfg = Debug|x86
		{D5A241EB-3C83-44D0-A491-898B475DF4E5}.Debug|x86.Build.0 = Debug|x86
		{D5A241EB-3C83-44D0-A491-898B475DF4E5}.Release|Any CPU.ActiveCfg = Release|x86
		{D5A241EB-3C83-44D0-A491-898B475DF4E5}.Release|x86.ActiveCfg = Release|x86
		{D5A241EB-3C83-44D0-A491-898B475DF4E5}.Release|x86.Build.0 = Release|x86
		{8FB3EB6F-2B6A-475B-BAEB-67F34E60F1EB}.Debug|Any CPU.ActiveCfg = Debug|x86
		{8FB3EB6F-2B6A-475B-BAEB-67F34E60F1EB}.Debug|x86.ActiveCfg = Debug|x86
		{8FB3EB6F-2B6A-475B-BAEB-67F34E60F1EB}.Debug|x86.Build.0 = Debug|x86
		{8FB3EB6F-2B6A-475B-BAEB-67F34E60F1EB}.Release|Any CPU.ActiveCfg = Release|x86
		{8FB3EB6F-2B6A-475B-BAEB-67F34E60F1EB}.Release|x86.ActiveCfg = Release|x86
		{8FB3EB6F-2B6A-475B-BAEB-67F34E60F1EB}.Release|x86.Build.0 = Release|x86
		{8AF657C2-18E0-45F1-8232-9E28755CABBE}.Debug|Any CPU.ActiveCfg = Debug|x86
		{8AF657C2-18E0-45F1-8232-9E28755CABBE}.Debug|x86.ActiveCfg = Debug|x86
		{8AF657C2-18E0-45F1-8232-9E28755CABBE}.Debug|x86.Build.0 = Debug|x86
		{8AF657C2-18E0-45F1-8232-9E28755CABBE}.Release|Any CPU.ActiveCfg = Release|x86
		{8AF657C2-18E0-45F1-8232-9E28755CABBE}.Release|x86.ActiveCfg = Release|x86
		{8AF657C2-18E0-45F1-8232-9E28755CABBE}.Release|x86.Build.0 = Release|x86
		{9D2C4202-8F4B-4F36-85D4-9F94014C7E37}.Debug|Any CPU.ActiveCfg = Debug|x86
		{9D2C4202-8F4B-4F36-85D4-9F94014C7E37}.Debug|x86.ActiveCfg = Debug|x86
		{9D2C4202-8F4B-4F36-85D4-9F94014C7E37}.Debug|x86.Build.0 = Debug|x86
		{9D2C4202-8F4B-4F36-85D4-9F94014C7E37}.Release|Any CPU.ActiveCfg = Release|x86
		{9D2C4202-8F4B-4F36-85D4-9F94014C7E37}.Release|x86.ActiveCfg = Release|x86
		{9D2C4202-8F4B-4F36-85D4-9F94014C7E37}.Release|x86.Build.0 = Release|x86
		{B5B4C215-49FB-4775-A046-DBD9F1D47A86}.Debug|Any CPU.ActiveCfg = Debug|x86
		{B5B4C215-49FB-4775-A046-DBD9F1D47A86}.Debug|x86.ActiveCfg = Debug|x86
		{B5B4C215-49FB-4775-A046-DBD9F1D47A86}.Debug|x86.Build.0 = Debug|x86
		{B5B4C215-49FB-4775-A046-DBD9F1D47A86}.Release|Any CPU.ActiveCfg = Release|x86
		{B5B4C215-49FB-4775-A046-DBD9F1D47A86}.Release|x86.ActiveCfg = Release|x86
		{B5B4C215-49FB-4775-A046-DBD9F1D47A86}.Release|x86.Build.0 = Release|x86
		{14AD5421-3BDE-41C8-9693-7F7D66849DA3}.Debug|Any CPU.ActiveCfg = Debug|x86
		{14AD5421-3BDE-41C8-9693-7F7D66849DA3}.Debug|x86.ActiveCfg = Debug|x86
		{14AD5421-3BDE-41C8-9693-7F7D66849DA3}.Debug|x86.Build.0 = Debug|x86
		{14AD5421-3BDE-41C8-9693-7F7D66849DA3}.Release|Any CPU.ActiveCfg = Release|x86
		{14AD5421-3BDE-41C8-9693-7F7D66849DA3}.Release|x86.ActiveCfg = Release|x86
		{14AD5421-3BDE-41C8-9693-7F7D66849DA3}.Release|x86.Build.0 = Release|x86
		{D92690E9-BFAC-47F8-8947-670CBA0E67E1}.Debug|Any CPU.ActiveCfg = Debug|x86
		{D92690E9-BFAC-47F8-8947-670CBA0E67E1}.Debug|x86.ActiveCfg = Debug|x86
		{D92690E9-BFAC-47F8-8947-670CBA0E67E1}.Debug|x86.Build.0 = Debug|x86
		{D92690E9-BFAC-47F8-8947-670CBA0E67E1}.Release|Any CPU.ActiveCfg = Release|x86
		{D92690E9-BFAC-47F8-8947-670CBA0E67E1}.Release|x86.ActiveCfg = Release|x86
		{D92690E9-BFAC-47F8-8947-670CBA0E67E1}.Release|x86.Build.0 = Release|x86
		{64838BB6-37B2-4C80-A132-C6EE3FE0050F}.Debug|Any CPU.ActiveCfg = Debug|Any CPU
		{64838BB6-37B2-4C80-A132-C6EE3FE0050F}.Debug|Any CPU.Build.0 = Debug|Any CPU
		{64838BB6-37B2-4C80-A132-C6EE3FE0050F}.Debug|x86.ActiveCfg = Debug|Any CPU
		{64838BB6-37B2-4C80-A132-C6EE3FE0050F}.Debug|x86.Build.0 = Debug|Any CPU
		{64838BB6-37B2-4C80-A132-C6EE3FE0050F}.Release|Any CPU.ActiveCfg = Release|Any CPU
		{64838BB6-37B2-4C80-A132-C6EE3FE0050F}.Release|Any CPU.Build.0 = Release|Any CPU
		{64838BB6-37B2-4C80-A132-C6EE3FE0050F}.Release|x86.ActiveCfg = Release|Any CPU
		{64838BB6-37B2-4C80-A132-C6EE3FE0050F}.Release|x86.Build.0 = Release|Any CPU
		{2C71D6BB-33FD-4994-8E17-5348BA9B208B}.Debug|Any CPU.ActiveCfg = Debug|Any CPU
		{2C71D6BB-33FD-4994-8E17-5348BA9B208B}.Debug|Any CPU.Build.0 = Debug|Any CPU
		{2C71D6BB-33FD-4994-8E17-5348BA9B208B}.Debug|x86.ActiveCfg = Debug|Any CPU
		{2C71D6BB-33FD-4994-8E17-5348BA9B208B}.Debug|x86.Build.0 = Debug|Any CPU
		{2C71D6BB-33FD-4994-8E17-5348BA9B208B}.Release|Any CPU.ActiveCfg = Release|Any CPU
		{2C71D6BB-33FD-4994-8E17-5348BA9B208B}.Release|Any CPU.Build.0 = Release|Any CPU
		{2C71D6BB-33FD-4994-8E17-5348BA9B208B}.Release|x86.ActiveCfg = Release|Any CPU
		{2C71D6BB-33FD-4994-8E17-5348BA9B208B}.Release|x86.Build.0 = Release|Any CPU
		{C258B218-F59F-4ECC-BAF6-ACA7B64BB1FA}.Debug|Any CPU.ActiveCfg = Debug|Any CPU
		{C258B218-F59F-4ECC-BAF6-ACA7B64BB1FA}.Debug|Any CPU.Build.0 = Debug|Any CPU
		{C258B218-F59F-4ECC-BAF6-ACA7B64BB1FA}.Debug|x86.ActiveCfg = Debug|Any CPU
		{C258B218-F59F-4ECC-BAF6-ACA7B64BB1FA}.Debug|x86.Build.0 = Debug|Any CPU
		{C258B218-F59F-4ECC-BAF6-ACA7B64BB1FA}.Release|Any CPU.ActiveCfg = Release|Any CPU
		{C258B218-F59F-4ECC-BAF6-ACA7B64BB1FA}.Release|Any CPU.Build.0 = Release|Any CPU
		{C258B218-F59F-4ECC-BAF6-ACA7B64BB1FA}.Release|x86.ActiveCfg = Release|Any CPU
		{C258B218-F59F-4ECC-BAF6-ACA7B64BB1FA}.Release|x86.Build.0 = Release|Any CPU
		{F958E310-037C-458A-8219-667874B0AFF8}.Debug|Any CPU.ActiveCfg = Debug|Any CPU
		{F958E310-037C-458A-8219-667874B0AFF8}.Debug|Any CPU.Build.0 = Debug|Any CPU
		{F958E310-037C-458A-8219-667874B0AFF8}.Debug|x86.ActiveCfg = Debug|Any CPU
		{F958E310-037C-458A-8219-667874B0AFF8}.Debug|x86.Build.0 = Debug|Any CPU
		{F958E310-037C-458A-8219-667874B0AFF8}.Release|Any CPU.ActiveCfg = Release|Any CPU
		{F958E310-037C-458A-8219-667874B0AFF8}.Release|Any CPU.Build.0 = Release|Any CPU
		{F958E310-037C-458A-8219-667874B0AFF8}.Release|x86.ActiveCfg = Release|Any CPU
		{F958E310-037C-458A-8219-667874B0AFF8}.Release|x86.Build.0 = Release|Any CPU
		{616F5C76-0CC9-4DFB-BEFD-CFACFA6F3F82}.Debug|Any CPU.ActiveCfg = Debug|Any CPU
		{616F5C76-0CC9-4DFB-BEFD-CFACFA6F3F82}.Debug|Any CPU.Build.0 = Debug|Any CPU
		{616F5C76-0CC9-4DFB-BEFD-CFACFA6F3F82}.Debug|x86.ActiveCfg = Debug|Any CPU
		{616F5C76-0CC9-4DFB-BEFD-CFACFA6F3F82}.Debug|x86.Build.0 = Debug|Any CPU
		{616F5C76-0CC9-4DFB-BEFD-CFACFA6F3F82}.Release|Any CPU.ActiveCfg = Release|Any CPU
		{616F5C76-0CC9-4DFB-BEFD-CFACFA6F3F82}.Release|Any CPU.Build.0 = Release|Any CPU
		{616F5C76-0CC9-4DFB-BEFD-CFACFA6F3F82}.Release|x86.ActiveCfg = Release|Any CPU
		{616F5C76-0CC9-4DFB-BEFD-CFACFA6F3F82}.Release|x86.Build.0 = Release|Any CPU
	EndGlobalSection
	GlobalSection(SolutionProperties) = preSolution
		HideSolutionNode = FALSE
	EndGlobalSection
	GlobalSection(ExtensibilityGlobals) = postSolution
		SolutionGuid = {22936689-41E5-4278-AF1C-6DD32026AC6F}
	EndGlobalSection
EndGlobal
