
Microsoft Visual Studio Solution File, Format Version 11.00
# Visual Studio 2010
Project("{FAE04EC0-301F-11D3-BF4B-00C04F79EFBC}") = "Addition task", "Addition task\Addition task.csproj", "{0444C5C8-5476-4292-84AE-30FF97155D03}"
EndProject
Project("{FAE04EC0-301F-11D3-BF4B-00C04F79EFBC}") = "Task 2", "Task 2\Task 2.csproj", "{6C023996-9B91-4765-BE1A-2BADAF21F2D4}"
EndProject
Project("{FAE04EC0-301F-11D3-BF4B-00C04F79EFBC}") = "Task 3", "Task 3\Task 3.csproj", "{F77EB803-9667-4E26-9082-D515A4F98D4C}"
EndProject
Project("{FAE04EC0-301F-11D3-BF4B-00C04F79EFBC}") = "Task 4", "Task 4\Task 4.csproj", "{4C59484E-4A82-4C78-9FFF-9185AFC65E26}"
EndProject
Global
	GlobalSection(SolutionConfigurationPlatforms) = preSolution
		Debug|x86 = Debug|x86
		Release|x86 = Release|x86
	EndGlobalSection
	GlobalSection(ProjectConfigurationPlatforms) = postSolution
		{0444C5C8-5476-4292-84AE-30FF97155D03}.Debug|x86.ActiveCfg = Debug|x86
		{0444C5C8-5476-4292-84AE-30FF97155D03}.Debug|x86.Build.0 = Debug|x86
		{0444C5C8-5476-4292-84AE-30FF97155D03}.Release|x86.ActiveCfg = Release|x86
		{0444C5C8-5476-4292-84AE-30FF97155D03}.Release|x86.Build.0 = Release|x86
		{6C023996-9B91-4765-BE1A-2BADAF21F2D4}.Debug|x86.ActiveCfg = Debug|x86
		{6C023996-9B91-4765-BE1A-2BADAF21F2D4}.Debug|x86.Build.0 = Debug|x86
		{6C023996-9B91-4765-BE1A-2BADAF21F2D4}.Release|x86.ActiveCfg = Release|x86
		{6C023996-9B91-4765-BE1A-2BADAF21F2D4}.Release|x86.Build.0 = Release|x86
		{F77EB803-9667-4E26-9082-D515A4F98D4C}.Debug|x86.ActiveCfg = Debug|x86
		{F77EB803-9667-4E26-9082-D515A4F98D4C}.Debug|x86.Build.0 = Debug|x86
		{F77EB803-9667-4E26-9082-D515A4F98D4C}.Release|x86.ActiveCfg = Release|x86
		{F77EB803-9667-4E26-9082-D515A4F98D4C}.Release|x86.Build.0 = Release|x86
		{4C59484E-4A82-4C78-9FFF-9185AFC65E26}.Debug|x86.ActiveCfg = Debug|x86
		{4C59484E-4A82-4C78-9FFF-9185AFC65E26}.Debug|x86.Build.0 = Debug|x86
		{4C59484E-4A82-4C78-9FFF-9185AFC65E26}.Release|x86.ActiveCfg = Release|x86
		{4C59484E-4A82-4C78-9FFF-9185AFC65E26}.Release|x86.Build.0 = Release|x86
	EndGlobalSection
	GlobalSection(SolutionProperties) = preSolution
		HideSolutionNode = FALSE
	EndGlobalSection
EndGlobal
